{"SurveyEntry":{"SurveyID":"SV_8ACmBOKdOdMhylL","SurveyName":"Phillips and George Study 6 - know-that","SurveyDescription":"Knowledge_wh study 1","SurveyOwnerID":"UR_4U53s07cvZalUrO","SurveyBrandID":"yale","DivisionID":null,"SurveyLanguage":"EN","SurveyActiveResponseSet":"RS_54KKgf5PEWI1ji5","SurveyStatus":"Inactive","SurveyStartDate":"0000-00-00 00:00:00","SurveyExpirationDate":"0000-00-00 00:00:00","SurveyCreationDate":"2018-05-15 20:21:32","CreatorID":"UR_4U53s07cvZalUrO","LastModified":"2018-05-15 20:22:12","LastAccessed":"0000-00-00 00:00:00","LastActivated":"0000-00-00 00:00:00","Deleted":null},"SurveyElements":[{"SurveyID":"SV_8ACmBOKdOdMhylL","Element":"BL","PrimaryAttribute":"Survey Blocks","SecondaryAttribute":null,"TertiaryAttribute":null,"Payload":{"0":{"Type":"Default","Description":"3 - 0 case","ID":"BL_9WQB2wVKr5myvw8","BlockElements":[{"Type":"Question","QuestionID":"QID3"},{"Type":"Question","QuestionID":"QID69"},{"Type":"Question","QuestionID":"QID70"}],"Options":{"BlockLocking":"false","Looping":"None","RandomizeQuestions":"false","LoopingOptions":null,"Randomization":{"EvenPresentation":false}}},"1":{"Type":"Trash","Description":"Trash \/ Unused Questions","ID":"BL_aVnGieXh2oxfxDC","BlockElements":[]},"5":{"Type":"Standard","Description":"Consent","ID":"BL_cOKR2ORGYOY47pG","BlockElements":[{"Type":"Question","QuestionID":"QID14"}]},"6":{"Type":"Standard","Description":"2 - 1 case","ID":"BL_b9Rcp5m0PllZxo8","BlockElements":[{"Type":"Question","QuestionID":"QID44"},{"Type":"Question","QuestionID":"QID79"},{"Type":"Question","QuestionID":"QID71"}],"Options":{"BlockLocking":"false","Looping":"None","RandomizeQuestions":"false","LoopingOptions":null,"Randomization":{"EvenPresentation":false}}},"7":{"Type":"Standard","Description":"Demographics and Controls","ID":"BL_0C9Xwg9B6JqgcWE","BlockElements":[{"Type":"Question","QuestionID":"QID64"},{"Type":"Page Break"},{"Type":"Question","QuestionID":"QID51"},{"Type":"Question","QuestionID":"QID80"},{"Type":"Question","QuestionID":"QID52"},{"Type":"Question","QuestionID":"QID53"},{"Type":"Question","QuestionID":"QID54"},{"Type":"Question","QuestionID":"QID55"},{"Type":"Question","QuestionID":"QID56"}]},"9":{"Type":"Standard","Description":"0 - 3 Case","ID":"BL_8qUpcwXGExWjVOZ","BlockElements":[{"Type":"Question","QuestionID":"QID81"},{"Type":"Question","QuestionID":"QID82"},{"Type":"Question","QuestionID":"QID83"}],"Options":{"BlockLocking":false,"Looping":"None","RandomizeQuestions":"false","LoopingOptions":null,"Randomization":{"EvenPresentation":false}}},"10":{"Type":"Standard","Description":"1 - 2 case","ID":"BL_9HaVGMnP3SuEljn","BlockElements":[{"Type":"Question","QuestionID":"QID84"},{"Type":"Question","QuestionID":"QID85"},{"Type":"Question","QuestionID":"QID86"}],"Options":{"BlockLocking":false,"Looping":"None","RandomizeQuestions":"false","LoopingOptions":null,"Randomization":{"EvenPresentation":false}}}}},{"SurveyID":"SV_8ACmBOKdOdMhylL","Element":"BR","PrimaryAttribute":"FL_16","SecondaryAttribute":null,"TertiaryAttribute":null,"Payload":{"FL_49":0,"FL_50":0,"FL_41":0,"FL_17":0}},{"SurveyID":"SV_8ACmBOKdOdMhylL","Element":"FL","PrimaryAttribute":"Survey Flow","SecondaryAttribute":null,"TertiaryAttribute":null,"Payload":{"Type":"Root","FlowID":"FL_1","Flow":[{"Type":"Standard","ID":"BL_cOKR2ORGYOY47pG","FlowID":"FL_13"},{"Type":"Branch","FlowID":"FL_23","Description":"New Branch","BranchLogic":{"0":{"0":{"LogicType":"Question","QuestionID":"QID14","ChoiceLocator":"q:\/\/QID14\/SelectableChoice\/2","Operator":"Selected","QuestionIDFromLocator":"QID14","LeftOperand":"q:\/\/QID14\/SelectableChoice\/2","Type":"Expression","Description":"<span class=\"ConjDesc\">If<\/span> <span class=\"QuestionDesc\">\n\tResearch Informed Consent\n\n\t&lt;o:p&gt;&amp;nbsp;&lt;\/o:p&gt;\n\n\tIntuiti...<\/span> <span class=\"LeftOpDesc\">No<\/span> Is <span class=\"OpDesc\">Selected<\/span> "},"Type":"If"},"Type":"BooleanExpression"},"Flow":[{"Type":"EndSurvey","FlowID":"FL_40"}]},{"Type":"Branch","FlowID":"FL_15","Description":"New Branch","BranchLogic":{"0":{"0":{"LogicType":"Question","QuestionID":"QID14","ChoiceLocator":"q:\/\/QID14\/SelectableChoice\/1","Operator":"Selected","QuestionIDFromLocator":"QID14","LeftOperand":"q:\/\/QID14\/SelectableChoice\/1","Type":"Expression","Description":"<span class=\"ConjDesc\">If<\/span> <span class=\"QuestionDesc\">\n\tResearch Informed Consent\n\n\t&lt;o:p&gt;&amp;nbsp;&lt;\/o:p&gt;\n\n\tIntuiti...<\/span> <span class=\"LeftOpDesc\">Yes<\/span> Is <span class=\"OpDesc\">Selected<\/span> "},"Type":"If"},"Type":"BooleanExpression"},"Flow":[{"Type":"BlockRandomizer","FlowID":"FL_16","SubSet":1,"EvenPresentation":true,"Flow":[{"Type":"Block","ID":"BL_9WQB2wVKr5myvw8","FlowID":"FL_17"},{"Type":"Standard","ID":"BL_b9Rcp5m0PllZxo8","FlowID":"FL_41"},{"Type":"Standard","ID":"BL_9HaVGMnP3SuEljn","FlowID":"FL_50"},{"Type":"Standard","ID":"BL_8qUpcwXGExWjVOZ","FlowID":"FL_49"}]},{"Type":"Standard","ID":"BL_0C9Xwg9B6JqgcWE","FlowID":"FL_42"}]}],"Properties":{"Count":50}}},{"SurveyID":"SV_8ACmBOKdOdMhylL","Element":"SO","PrimaryAttribute":"Survey Options","SecondaryAttribute":null,"TertiaryAttribute":null,"Payload":{"BackButton":"false","SaveAndContinue":"true","SurveyProtection":"PublicSurvey","BallotBoxStuffingPrevention":"true","SurveyExpiration":null,"SurveyTermination":"DisplayMessage","Header":"","Footer":"","ProgressBarDisplay":"None","PartialData":"+1 week","PreviousButton":"  <<  ","NextButton":"  >>  ","SkinLibrary":"Qualtrics","SkinType":"MQ","Skin":"Business","ShowExportTags":"false","PasswordProtection":"No","Password":"","RefererCheck":"No","RefererURL":"http:\/\/","EOSMessageLibrary":"UR_4U53s07cvZalUrO","EOSMessage":"MS_82M8A9G5OvtDo1v","EOSRedirectURL":"http:\/\/","EmailThankYou":"false","ThankYouEmailMessageLibrary":null,"ThankYouEmailMessage":null,"InactiveSurvey":"DefaultMessage","InactiveMessageLibrary":"","InactiveMessage":"","AvailableLanguages":{"EN":[]},"ValidationMessage":null,"ValidationMessageLibrary":null,"SurveyTitle":"Survey | Qualtrics Survey Software","SurveyMetaDescription":"Survey Software, Enterprise Survey software for enterprise feedback management and CRM solutions.  Enables high-quality data collection, panel management and results analysis. Perfect for market research or CRM solution (Customer Relationship Management) integration.  Free trial and consultation.","AnonymizeResponse":"No","NoIndex":"No","OneCompletePerIP":"false","ValidateMessage":"false","SkinQuestionWidth":700,"SurveyCreationDate":"2012-12-28 10:39:48","NewScoring":1,"CollectGeoLocation":"false","ProtectSelectionIds":true,"SecureResponseFiles":"false"}},{"SurveyID":"SV_8ACmBOKdOdMhylL","Element":"SCO","PrimaryAttribute":"Scoring","SecondaryAttribute":null,"TertiaryAttribute":null,"Payload":{"ScoringCategories":[],"ScoringCategoryGroups":[],"ScoringSummaryCategory":null,"ScoringSummaryAfterQuestions":false,"ScoringSummaryAfterSurvey":false,"NextCategoryId":1,"NextGroupId":1,"DefaultScoringCategory":null,"ID":"Scoring"}},{"SurveyID":"SV_8ACmBOKdOdMhylL","Element":"STAT","PrimaryAttribute":"Survey Statistics","SecondaryAttribute":null,"TertiaryAttribute":null,"Payload":{"MobileCompatible":false,"ID":"Survey Statistics"}},{"SurveyID":"SV_8ACmBOKdOdMhylL","Element":"PROJ","PrimaryAttribute":"CORE","SecondaryAttribute":"1.0.0","TertiaryAttribute":null,"Payload":null},{"SurveyID":"SV_8ACmBOKdOdMhylL","Element":"QC","PrimaryAttribute":"Survey Question Count","SecondaryAttribute":"86","TertiaryAttribute":null,"Payload":null},{"SurveyID":"SV_8ACmBOKdOdMhylL","Element":"SQ","PrimaryAttribute":"QID51","SecondaryAttribute":"\u00a0 In this part of the experiment, we'd like you to answer a series of background questions. \u00a0 (Yo.","TertiaryAttribute":null,"Payload":{"QuestionText":"<div>\n\t&nbsp;<\/div>\n\n<div>\n\t<span style=\"font-size:16px;\">In this part of the experiment, we'd like you to answer a series of background questions.<\/span><br>\n\t&nbsp;<\/div>\n<div>(Your answers to these questions are very helpful, and are for research purposes only.&nbsp;Remember that your responses are entirely anonymous. If you feel uncomfortable with a&nbsp;question in this section, you can leave the question blank.)<\/div>\n<div>\n\t&nbsp;<\/div>","DataExportTag":"DemoInstr","QuestionType":"MC","Selector":"SAVR","SubSelector":"TX","Configuration":{"QuestionDescriptionOption":"UseText"},"QuestionDescription":"\u00a0 In this part of the experiment, we'd like you to answer a series of background questions. \u00a0 (Yo...","Choices":[],"ChoiceOrder":[],"Validation":{"Settings":{"ForceResponse":"OFF","ForceResponseType":"ON"}},"Language":[],"QuestionID":"QID51"}},{"SurveyID":"SV_8ACmBOKdOdMhylL","Element":"RS","PrimaryAttribute":"RS_54KKgf5PEWI1ji5","SecondaryAttribute":"Default Response Set","TertiaryAttribute":null,"Payload":null},{"SurveyID":"SV_8ACmBOKdOdMhylL","Element":"SQ","PrimaryAttribute":"QID80","SecondaryAttribute":"Is English your native language?","TertiaryAttribute":null,"Payload":{"QuestionText":"Is English your native language?","DefaultChoices":false,"DataExportTag":"Lang","QuestionType":"MC","Selector":"SAVR","SubSelector":"TX","Configuration":{"QuestionDescriptionOption":"UseText"},"QuestionDescription":"Is English your native language?","Choices":{"21":{"Display":"Yes"},"22":{"Display":"No"}},"ChoiceOrder":["21","22"],"Validation":{"Settings":{"ForceResponse":"OFF","ForceResponseType":"ON","Type":"None"}},"GradingData":[],"Language":[],"QuestionID":"QID80"}},{"SurveyID":"SV_8ACmBOKdOdMhylL","Element":"SQ","PrimaryAttribute":"QID69","SecondaryAttribute":"Now please tell us whether you agree or disagree with the following statement. Sue knows that she...","TertiaryAttribute":null,"Payload":{"QuestionText":"<span style=\"font-size:16px;\">Now please tell us whether you agree or disagree with the following statement.<\/span>\n<div>\n\t<br>\n\t<ul>\n\t\t<li>\n\t\t\t<strong><span style=\"font-size:16px;\">Sue knows that she can buy an Italian newspaper at Newstopia.<\/span><\/strong><\/li>\n\t<\/ul><div><font class=\"Apple-style-span\" size=\"3\"><br><\/font><\/div>\n<\/div>","DefaultChoices":false,"DataExportTag":"3-0_know","QuestionType":"MC","Selector":"SAHR","SubSelector":"TX","Configuration":{"QuestionDescriptionOption":"UseText","LabelPosition":"BELOW"},"QuestionDescription":"Now please tell us whether you agree or disagree with the following statement. Sue knows that she...","Choices":{"1":{"Display":"Completely <\/br> disagree"},"2":{"Display":"&nbsp;"},"3":{"Display":"&nbsp;"},"4":{"Display":"Neither agree <br> nor disagree"},"5":{"Display":"&nbsp;"},"6":{"Display":"&nbsp;"},"7":{"Display":"Completely <\/br> agree"}},"ChoiceOrder":[1,2,3,4,5,6,7],"Validation":{"Settings":{"ForceResponse":"ON","ForceResponseType":"ON","Type":"None"}},"GradingData":[],"Language":[],"QuestionID":"QID69","DataVisibility":{"Private":false,"Hidden":false}}},{"SurveyID":"SV_8ACmBOKdOdMhylL","Element":"SQ","PrimaryAttribute":"QID79","SecondaryAttribute":"Now please tell us whether you agree or disagree with the following statement. Sue knows that she...","TertiaryAttribute":null,"Payload":{"QuestionText":"<span style=\"font-size:16px;\">Now please tell us whether you agree or disagree with the following statement.<\/span>\n<div>\n\t<br>\n\t<ul>\n\t\t<li>\n\t\t\t<strong><span style=\"font-size:16px;\">Sue knows that she can buy an Italian newspaper at Newstopia.<\/span><\/strong><\/li>\n\t<\/ul><div><font class=\"Apple-style-span\" size=\"3\"><br><\/font><\/div>\n<\/div>","DefaultChoices":false,"DataExportTag":"2-1_know","QuestionType":"MC","Selector":"SAHR","SubSelector":"TX","Configuration":{"QuestionDescriptionOption":"UseText","LabelPosition":"BELOW"},"QuestionDescription":"Now please tell us whether you agree or disagree with the following statement. Sue knows that she...","Choices":{"1":{"Display":"Completely <\/br> disagree"},"2":{"Display":"&nbsp;"},"3":{"Display":"&nbsp;"},"4":{"Display":"In between"},"5":{"Display":"&nbsp;"},"6":{"Display":"&nbsp;"},"7":{"Display":"Completely <\/br> agree"}},"ChoiceOrder":[1,2,3,4,5,6,7],"Validation":{"Settings":{"ForceResponse":"ON","ForceResponseType":"ON","Type":"None"}},"GradingData":[],"Language":[],"QuestionID":"QID79"}},{"SurveyID":"SV_8ACmBOKdOdMhylL","Element":"SQ","PrimaryAttribute":"QID82","SecondaryAttribute":"Now please tell us whether you agree or disagree with the following statement. Sue knows that she...","TertiaryAttribute":null,"Payload":{"QuestionText":"<span style=\"font-size:16px;\">Now please tell us whether you agree or disagree with the following statement.<\/span>\n<div>\n\t<br>\n\t<ul>\n\t\t<li>\n\t\t\t<strong><span style=\"font-size:16px;\">Sue knows that she can buy an Italian newspaper at Newstopia.<\/span><\/strong><\/li>\n\t<\/ul><div><font class=\"Apple-style-span\" size=\"3\"><br><\/font><\/div>\n<\/div>","DefaultChoices":false,"QuestionType":"MC","Selector":"SAHR","SubSelector":"TX","Configuration":{"QuestionDescriptionOption":"UseText","LabelPosition":"BELOW"},"QuestionDescription":"Now please tell us whether you agree or disagree with the following statement. Sue knows that she...","Choices":{"1":{"Display":"Completely <\/br> disagree"},"2":{"Display":"&nbsp;"},"3":{"Display":"&nbsp;"},"4":{"Display":"Neither agree <br> nor disagree"},"5":{"Display":"&nbsp;"},"6":{"Display":"&nbsp;"},"7":{"Display":"Completely <\/br> agree"}},"ChoiceOrder":[1,2,3,4,5,6,7],"Validation":{"Settings":{"ForceResponse":"ON","ForceResponseType":"ON","Type":"None"}},"GradingData":[],"Language":[],"QuestionText_Unsafe":"<span style=\"font-size:16px;\">Now please tell us whether you agree or disagree with the following statement.<\/span>\n<div>\n\t<br>\n\t<ul>\n\t\t<li>\n\t\t\t<strong><span style=\"font-size:16px;\">Sue knows where she can buy an Italian newspaper.<\/span><\/strong><\/li>\n\t<\/ul><div><font class=\"Apple-style-span\" size=\"3\"><br><\/font><\/div>\n<\/div>","QuestionText_Safe":"<span>Now please tell us whether you agree or disagree with the following statement.<\/span>\n<div>\n\t<br \/>\n\t\t\t<strong><span>Sue knows where she can buy an Italian newspaper.<\/span><\/strong>\n\t<div><br \/><\/div>\n<\/div>","DataExportTag":"0-3_know","QuestionID":"QID82"}},{"SurveyID":"SV_8ACmBOKdOdMhylL","Element":"SQ","PrimaryAttribute":"QID85","SecondaryAttribute":"Now please tell us whether you agree or disagree with the following statement. Sue knows that she...","TertiaryAttribute":null,"Payload":{"QuestionText":"<span style=\"font-size:16px;\">Now please tell us whether you agree or disagree with the following statement.<\/span>\n<div>\n\t<br>\n\t<ul>\n\t\t<li>\n\t\t\t<strong><span style=\"font-size:16px;\">Sue knows that she can buy an Italian newspaper at Newstopia.<\/span><\/strong><\/li>\n\t<\/ul><div><font class=\"Apple-style-span\" size=\"3\"><br><\/font><\/div>\n<\/div>","DefaultChoices":false,"QuestionType":"MC","Selector":"SAHR","SubSelector":"TX","Configuration":{"QuestionDescriptionOption":"UseText","LabelPosition":"BELOW"},"QuestionDescription":"Now please tell us whether you agree or disagree with the following statement. Sue knows that she...","Choices":{"1":{"Display":"Completely <\/br> disagree"},"2":{"Display":"&nbsp;"},"3":{"Display":"&nbsp;"},"4":{"Display":"In between"},"5":{"Display":"&nbsp;"},"6":{"Display":"&nbsp;"},"7":{"Display":"Completely <\/br> agree"}},"ChoiceOrder":[1,2,3,4,5,6,7],"Validation":{"Settings":{"ForceResponse":"ON","ForceResponseType":"ON","Type":"None"}},"GradingData":[],"Language":[],"QuestionText_Unsafe":"<span style=\"font-size:16px;\">Now please tell us whether you agree or disagree with the following statement.<\/span>\n<div>\n\t<br>\n\t<ul>\n\t\t<li>\n\t\t\t<strong><span style=\"font-size:16px;\">Sue knows where she can buy an Italian newspaper.<\/span><\/strong><\/li>\n\t<\/ul><div><font class=\"Apple-style-span\" size=\"3\"><br><\/font><\/div>\n<\/div>","QuestionText_Safe":"<span>Now please tell us whether you agree or disagree with the following statement.<\/span>\n<div>\n\t<br \/>\n\t\t\t<strong><span>Sue knows where she can buy an Italian newspaper.<\/span><\/strong>\n\t<div><br \/><\/div>\n<\/div>","DataExportTag":"1-2_know","QuestionID":"QID85"}},{"SurveyID":"SV_8ACmBOKdOdMhylL","Element":"SQ","PrimaryAttribute":"QID64","SecondaryAttribute":"Please give a brief summary of the story you read.","TertiaryAttribute":null,"Payload":{"QuestionText":"<span style=\"font-size:16px;\">Please give a brief summary of the story you read.<\/span>","DefaultChoices":false,"DataExportTag":"Summary","QuestionType":"TE","Selector":"SL","Configuration":{"QuestionDescriptionOption":"UseText"},"QuestionDescription":"Please give a brief summary of the story you read.","Choices":{"1":{"Display":"Click to write Choice 1"},"2":{"Display":"Click to write Choice 2"},"3":{"Display":"Click to write Choice 3"}},"ChoiceOrder":["1","2","3"],"Validation":{"Settings":{"ForceResponse":"ON","ForceResponseType":"ON","Type":"None"}},"GradingData":[],"Language":[],"QuestionID":"QID64"}},{"SurveyID":"SV_8ACmBOKdOdMhylL","Element":"SQ","PrimaryAttribute":"QID55","SecondaryAttribute":"Please indicate the highest level of education completed.","TertiaryAttribute":null,"Payload":{"QuestionText":"Please indicate the highest level of education completed.","DataExportTag":"Education","QuestionType":"MC","Selector":"SAVR","SubSelector":"TX","Configuration":{"QuestionDescriptionOption":"UseText"},"QuestionDescription":"Please indicate the highest level of education completed.","Choices":{"1":{"Display":"Grammar School"},"2":{"Display":"High School or equivalent"},"3":{"Display":"Vocational\/Technical School (2 year)"},"4":{"Display":"Some College"},"5":{"Display":"College Graduate (4 year)"},"6":{"Display":"Master's Degree (MS)"},"7":{"Display":"Doctoral Degree (PhD)"},"8":{"Display":"Professional Degree (MD, JD, etc.)"},"9":{"Display":"Other"}},"ChoiceOrder":["1","2","3","4","5","6","7","8","9"],"Randomization":{"Type":"None"},"Validation":{"Settings":{"ForceResponseType":"ON"}},"VariableNaming":{"1":"Grammar School","2":"High School or equivalent","3":"Vocational\/Technical School (2 year)","4":"Some College","5":"College Graduate (4 year)","6":"Master's Degree (MS)","7":"Doctoral Degree (PhD)","8":"Professional Degree (MD, JD, etc.)","9":"Other"},"Language":[],"QuestionID":"QID55"}},{"SurveyID":"SV_8ACmBOKdOdMhylL","Element":"SQ","PrimaryAttribute":"QID3","SecondaryAttribute":"Please read the following\nstory carefully. You will be asked about it again at the end of the\nstu...","TertiaryAttribute":null,"Payload":{"QuestionText":"<span style=\"font-size:16px;\"><strong>Please read the following story carefully. You will be asked about it again at the end of the study.&nbsp;<\/strong><\/span>\n<div>&nbsp;<\/div>\n\n<div>\n<div>\n<p dir=\"ltr\"><span style=\"font-size:16px;\">Sue is standing on the street near three stores: one called PaperWorld, one called Cellulose City, and one called Newstopia. Sue\u2019s friend, Bob, a native of the city who is normally very well-informed and trustworthy, told her that PaperWorld, Newstopia, and Cellulose City all sell Italian newspapers. Having no reason to doubt this, Sue has always assumed that Bob was right. Bob was correct about all three stores, which do in fact all sell Italian newspapers.<\/span><\/p>\n\n<div>&nbsp;<\/div>\n<\/div>\n\n<div>&nbsp;<\/div>\n<\/div>","DataExportTag":"3-0_vign","QuestionType":"MC","Selector":"SAVR","SubSelector":"TX","Configuration":{"QuestionDescriptionOption":"UseText"},"QuestionDescription":"Please read the following\nstory carefully. You will be asked about it again at the end of the\nstu...","Choices":[],"Validation":{"Settings":{"ForceResponseType":"ON","Type":"None"}},"GradingData":[],"Language":[],"QuestionID":"QID3","ChoiceOrder":[],"QuestionJS":false}},{"SurveyID":"SV_8ACmBOKdOdMhylL","Element":"SQ","PrimaryAttribute":"QID44","SecondaryAttribute":"Please read the following\nstory carefully. You will be asked about it again at the end of the\nstu...","TertiaryAttribute":null,"Payload":{"QuestionText":"<span style=\"font-size:16px;\"><strong>Please read the following story carefully. You will be asked about it again at the end of the study.&nbsp;<\/strong><\/span>\n<div>&nbsp;<\/div>\n\n<div>\n<div>\n<p dir=\"ltr\"><span style=\"font-size:16px;\">Sue is standing on the street near three stores: one called PaperWorld, one called Cellulose City, and one called Newstopia. Sue\u2019s friend, Bob, a native of the city who is normally very well-informed and trustworthy, told her that PaperWorld, Newstopia, and Cellulose City all sell Italian newspapers. Having no reason to doubt this, Sue has always assumed that Bob was right. However, Bob completely misinformed Sue about PaperWorld, which does not sell newspapers, but is actually a stationery shop. Bob was correct about Newstopia and Cellulose City.<\/span><\/p>\n\n<div>&nbsp;<\/div>\n<\/div>\n\n<div><br>\n&nbsp;<\/div>\n<\/div>","QuestionType":"MC","Selector":"SAVR","SubSelector":"TX","Configuration":{"QuestionDescriptionOption":"UseText"},"QuestionDescription":"Please read the following\nstory carefully. You will be asked about it again at the end of the\nstu...","Choices":[],"Validation":{"Settings":{"ForceResponseType":"ON","Type":"None"}},"GradingData":[],"Language":[],"ChoiceOrder":[],"DataExportTag":"2-1_vign","QuestionID":"QID44","QuestionJS":false}},{"SurveyID":"SV_8ACmBOKdOdMhylL","Element":"SQ","PrimaryAttribute":"QID81","SecondaryAttribute":"Please read the following\nstory carefully. You will be asked about it again at the end of the\nstu...","TertiaryAttribute":null,"Payload":{"QuestionText":"<span style=\"font-size:16px;\"><strong>Please read the following story carefully. You will be asked about it again at the end of the study.&nbsp;<\/strong><\/span>\n<div>&nbsp;<\/div>\n\n<div>\n<div>\n<p dir=\"ltr\"><span style=\"font-size:16px;\">Sue is standing on the street near three stores: one called PaperWorld, one called Cellulose City, and one called Newstopia. Sue\u2019s friend, Bob, a native of the city who is normally very well-informed and trustworthy, told her that PaperWorld, Newstopia, and Cellulose City all sell Italian newspapers. Having no reason to doubt this, Sue has always assumed that Bob was right. However, Bob completely misinformed Sue about all three stores, none of which sell Italian newspapers. PaperWorld and Cellulose City, are actually both stationary shops, and Newstopia is an ironically misnamed shop that sells T-shirts with obnoxious political slogans.<\/span><\/p>\n\n<div>&nbsp;<\/div>\n<\/div>\n\n<div><br>\n&nbsp;<\/div>\n<\/div>","QuestionType":"MC","Selector":"SAVR","SubSelector":"TX","Configuration":{"QuestionDescriptionOption":"UseText"},"QuestionDescription":"Please read the following\nstory carefully. You will be asked about it again at the end of the\nstu...","Choices":[],"Validation":{"Settings":{"ForceResponseType":"ON","Type":"None"}},"GradingData":[],"Language":[],"ChoiceOrder":[],"QuestionJS":false,"QuestionText_Unsafe":"<span style=\"font-size:16px;\"><strong>Please read the following story carefully. You will be asked about it again at the end of the study.&nbsp;<\/strong><\/span><div><br><\/div><div><div>\n <p>\n  <span id=\"docs-internal-guid-6797432d-ce18-72aa-ad12-57c45cc93b49\"><span style=\"font-size: 15px; font-family: Arial; color: rgb(0, 0, 0); background-color: transparent; vertical-align: baseline; white-space: pre-wrap;\">Sue is standing on the street near a store called Newstopia. Sue\u2019s friend, Bob, a native of the city who is normally very well-informed and trustworthy, told her that she can buy an Italian newspaper at Newstopia. Having no reason to doubt this, Sue took Bob at his word. Bob was correct about Newstopia, which does sell Italian newspapers. &nbsp;<\/span><\/span><\/p>\n<\/div>\n<div>\n <br><br><\/div><\/div>","QuestionText_Safe":"<span><strong>Please read the following story carefully. You will be asked about it again at the end of the study.\u00a0<\/strong><\/span><div><br \/><\/div><div><div>\n <p>\n  <span><span>Sue is standing on the street near a store called Newstopia. Sue\u2019s friend, Bob, a native of the city who is normally very well-informed and trustworthy, told her that she can buy an Italian newspaper at Newstopia. Having no reason to doubt this, Sue took Bob at his word. Bob was correct about Newstopia, which does sell Italian newspapers. \u00a0<\/span><\/span><\/p>\n<\/div>\n<div>\n <br \/><br \/><\/div><\/div>","DataExportTag":"0-3_vign","QuestionID":"QID81"}},{"SurveyID":"SV_8ACmBOKdOdMhylL","Element":"SQ","PrimaryAttribute":"QID84","SecondaryAttribute":"Please read the following\nstory carefully. You will be asked about it again at the end of the\nstu...","TertiaryAttribute":null,"Payload":{"QuestionText":"<span style=\"font-size:16px;\"><strong>Please read the following story carefully. You will be asked about it again at the end of the study.&nbsp;<\/strong><\/span>\n<div>&nbsp;<\/div>\n\n<div>\n<div>\n<p dir=\"ltr\"><span style=\"font-size:16px;\">Sue is standing on the street near three stores: one called PaperWorld, one called Cellulose City, and one called Newstopia. Sue\u2019s friend, Bob, a native of the city who is normally very well-informed and trustworthy, told her that PaperWorld, Newstopia, and Cellulose City all sell Italian newspapers. Having no reason to doubt this, Sue has always assumed that Bob was right. However, Bob completely misinformed Sue about PaperWorld and Cellulose City, which do not sell newspapers, but are actually both stationery shops. Bob was correct about Newstopia.<\/span><\/p>\n\n<div>&nbsp;<\/div>\n<\/div>\n\n<div><br>\n&nbsp;<\/div>\n<\/div>","QuestionType":"MC","Selector":"SAVR","SubSelector":"TX","Configuration":{"QuestionDescriptionOption":"UseText"},"QuestionDescription":"Please read the following\nstory carefully. You will be asked about it again at the end of the\nstu...","Choices":[],"Validation":{"Settings":{"ForceResponseType":"ON","Type":"None"}},"GradingData":[],"Language":[],"ChoiceOrder":[],"QuestionJS":false,"QuestionText_Unsafe":"<span style=\"font-size:16px;\"><strong>Please read the following story carefully. You will be asked about it again at the end of the study.&nbsp;<\/strong><\/span><div><br><\/div><div><div>\n <p>\n  <span id=\"docs-internal-guid-6797432d-ce18-72aa-ad12-57c45cc93b49\"><span style=\"font-size: 15px; font-family: Arial; color: rgb(0, 0, 0); background-color: transparent; vertical-align: baseline; white-space: pre-wrap;\">Sue is standing on the street near two stores: one called PaperWorld, and another called Newstopia. Sue\u2019s friend, Bob, a native of the city who is normally very well-informed and trustworthy, told her that she can buy an Italian newspaper at PaperWorld, and also at Newstopia. Having no reason to doubt this, Sue took Bob at his word. However, Bob completely misinformed Sue about PaperWorld, which does not sell newspapers, but actually just sells stationery and office supplies. Bob was correct about Newstopia.\n<\/span><\/span><\/p>\n<\/div>\n<div>\n <br><br><\/div><\/div>","QuestionText_Safe":"<span><strong>Please read the following story carefully. You will be asked about it again at the end of the study.\u00a0<\/strong><\/span><div><br \/><\/div><div><div>\n <p>\n  <span><span>Sue is standing on the street near two stores: one called PaperWorld, and another called Newstopia. Sue\u2019s friend, Bob, a native of the city who is normally very well-informed and trustworthy, told her that she can buy an Italian newspaper at PaperWorld, and also at Newstopia. Having no reason to doubt this, Sue took Bob at his word. However, Bob completely misinformed Sue about PaperWorld, which does not sell newspapers, but actually just sells stationery and office supplies. Bob was correct about Newstopia.\n<\/span><\/span><\/p>\n<\/div>\n<div>\n <br \/><br \/><\/div><\/div>","DataExportTag":"1-2_vign","QuestionID":"QID84"}},{"SurveyID":"SV_8ACmBOKdOdMhylL","Element":"SQ","PrimaryAttribute":"QID14","SecondaryAttribute":"Research Informed Consent \u00a0 \u00a0By answering the following questions, you are participating in a stu.","TertiaryAttribute":null,"Payload":{"QuestionText":"<div>\n<p style=\"text-align: center;\"><strong>Research Informed Consent<\/strong><\/p>\n\n<p>&nbsp;<\/p>\n\n<p><o:p><span style=\"font-size: 16px;\">&nbsp;By answering the following questions, you are participating in a study being performed by a member of the Department of Philosophy at Carnegie Mellon University. You must be at least 18 years old to participate. Your participation in this research is voluntary. You may decline to answer any or all of the following questions, without adverse consequences. The risks and discomfort associated with participation in this study are no greater than those ordinarily encountered in daily life or during other online activities.&nbsp;All data collection will be anonymous. You will be paid&nbsp;<strong>$0.25<\/strong>&nbsp;to participate in the study, which will take about <b>4<\/b><strong>&nbsp;minutes<\/strong>&nbsp;to complete. If you have questions about this research, please contact B. R. George at brgeorge@andrew.cmu.edu. If you have questions pertaining to your rights as a research participant; or to report concerns to this study, you should contact the Office of Research integrity and Compliance at Carnegie Mellon University.&nbsp;Email: irb-review@andrew.cmu.edu.<\/span><\/o:p><\/p>\n\n<div>\n<div>\n<div>\n<p>&nbsp;<\/p>\n<\/div>\n<\/div>\n<\/div>\n\n<p>&nbsp;<\/p>\n\n<p><o:p><em><strong><span style=\"font-size: 16px;\">&nbsp;Please continue to the next page if you voluntarily consent to participate in this study.<\/span><\/strong><\/em><\/o:p><\/p>\n<\/div>","DataExportTag":"Consent","QuestionType":"MC","Selector":"SAVR","SubSelector":"TX","Configuration":{"QuestionDescriptionOption":"UseText"},"QuestionDescription":"Research Informed Consent \u00a0 \u00a0By answering the following questions, you are participating in a stu...","Choices":{"1":{"Display":"Yes"},"2":{"Display":"No"}},"Validation":{"Settings":{"ForceResponseType":"ON","Type":"None"}},"Language":[],"QuestionID":"QID14","ChoiceOrder":["1","2"]}},{"SurveyID":"SV_8ACmBOKdOdMhylL","Element":"SQ","PrimaryAttribute":"QID56","SecondaryAttribute":"Think of this ladder as representing where people stand in the United States. At the top of the ladd","TertiaryAttribute":null,"Payload":{"QuestionText":"Think of this ladder as representing where people stand in the United States. At the top of the ladder are the people who have the most money, most education, and most respected jobs. At the bottom are the people who have the least money, least education, and least respected jobs or no job. The higher up you are on this ladder, the closer you are to the people at the very top, and the lower you are, the closer you are to the people at the very bottom.<div><br>\n<img src=\"https:\/\/yale.qualtrics.com\/CP\/Graphic.php?IM=IM_0SONYA8Aes5ati4\"><br>\n<meta charset=\"utf-8\">\n<br>\n<strong><em>Where would you place yourself on this ladder? Please select the rung where you think you stand at this time in your life, relative to other people in the United States.<\/em><\/strong><\/div>","DataExportTag":"SES","QuestionType":"MC","Selector":"SAVR","SubSelector":"TX","Configuration":{"QuestionDescriptionOption":"UseText"},"QuestionDescription":"Think of this ladder as representing where people stand in the United States. At the top of the ladd...","Choices":{"1":{"Display":"Rung 10 (Top Rung)"},"2":{"Display":"Rung 9"},"3":{"Display":"Rung 8"},"4":{"Display":"Rung 7"},"5":{"Display":"Rung 6"},"6":{"Display":"Rung 5"},"7":{"Display":"Rung 4"},"8":{"Display":"Rung 3"},"9":{"Display":"Rung 2"},"10":{"Display":"Rung 1 (Bottom Rung)"}},"ChoiceOrder":[1,2,3,4,5,6,7,8,9,10],"Validation":{"Settings":{"ForceResponse":"OFF","ForceResponseType":"ON"}},"Language":[],"QuestionID":"QID56"}},{"SurveyID":"SV_8ACmBOKdOdMhylL","Element":"SQ","PrimaryAttribute":"QID70","SecondaryAttribute":"Timing","TertiaryAttribute":null,"Payload":{"QuestionText":"Timing","DefaultChoices":false,"DataExportTag":"3-0_Time","QuestionType":"Timing","Selector":"PageTimer","Configuration":{"QuestionDescriptionOption":"UseText","MinSeconds":"0","MaxSeconds":"0"},"QuestionDescription":"Timing","Choices":{"1":{"Display":"First Click"},"2":{"Display":"Last Click"},"3":{"Display":"Page Submit"},"4":{"Display":"Click Count"}},"ChoiceOrder":["1","2","3"],"GradingData":[],"Language":[],"QuestionID":"QID70"}},{"SurveyID":"SV_8ACmBOKdOdMhylL","Element":"SQ","PrimaryAttribute":"QID71","SecondaryAttribute":"Timing","TertiaryAttribute":null,"Payload":{"QuestionText":"Timing","DefaultChoices":false,"DataExportTag":"2-1_Time","QuestionType":"Timing","Selector":"PageTimer","Configuration":{"QuestionDescriptionOption":"UseText","MinSeconds":"0","MaxSeconds":"0"},"QuestionDescription":"Timing","Choices":{"1":{"Display":"First Click"},"2":{"Display":"Last Click"},"3":{"Display":"Page Submit"},"4":{"Display":"Click Count"}},"ChoiceOrder":["1","2","3"],"GradingData":[],"Language":[],"QuestionID":"QID71"}},{"SurveyID":"SV_8ACmBOKdOdMhylL","Element":"SQ","PrimaryAttribute":"QID83","SecondaryAttribute":"Timing","TertiaryAttribute":null,"Payload":{"QuestionText":"Timing","DefaultChoices":false,"QuestionType":"Timing","Selector":"PageTimer","Configuration":{"QuestionDescriptionOption":"UseText","MinSeconds":"0","MaxSeconds":"0"},"QuestionDescription":"Timing","Choices":{"1":{"Display":"First Click"},"2":{"Display":"Last Click"},"3":{"Display":"Page Submit"},"4":{"Display":"Click Count"}},"ChoiceOrder":["1","2","3"],"GradingData":[],"Language":[],"QuestionText_Unsafe":"Timing","QuestionText_Safe":"Timing","DataExportTag":"0-3_time","QuestionID":"QID83"}},{"SurveyID":"SV_8ACmBOKdOdMhylL","Element":"SQ","PrimaryAttribute":"QID86","SecondaryAttribute":"Timing","TertiaryAttribute":null,"Payload":{"QuestionText":"Timing","DefaultChoices":false,"QuestionType":"Timing","Selector":"PageTimer","Configuration":{"QuestionDescriptionOption":"UseText","MinSeconds":"0","MaxSeconds":"0"},"QuestionDescription":"Timing","Choices":{"1":{"Display":"First Click"},"2":{"Display":"Last Click"},"3":{"Display":"Page Submit"},"4":{"Display":"Click Count"}},"ChoiceOrder":["1","2","3"],"GradingData":[],"Language":[],"QuestionText_Unsafe":"Timing","QuestionText_Safe":"Timing","DataExportTag":"1-2_time","QuestionID":"QID86"}},{"SurveyID":"SV_8ACmBOKdOdMhylL","Element":"SQ","PrimaryAttribute":"QID52","SecondaryAttribute":"What is your age?\n\n\t ","TertiaryAttribute":null,"Payload":{"QuestionText":"<div>\n\tWhat is your age?<\/div>\n<div>\n\t&nbsp;<\/div>","DataExportTag":"Age","QuestionType":"TE","Selector":"SL","Configuration":{"QuestionDescriptionOption":"UseText"},"QuestionDescription":"What is your age?\n\n\t ","Choices":{"1":{"Display":"Click to write Choice 1"},"2":{"Display":"Click to write Choice 2"},"3":{"Display":"Click to write Choice 3"}},"ChoiceOrder":["1","2","3"],"Validation":{"Settings":{"ForceResponse":"OFF","ForceResponseType":"ON","Type":"None"}},"GradingData":[],"Language":[],"QuestionID":"QID52"}},{"SurveyID":"SV_8ACmBOKdOdMhylL","Element":"SQ","PrimaryAttribute":"QID54","SecondaryAttribute":"What is your ethnicity?","TertiaryAttribute":null,"Payload":{"QuestionText":"<div>\n\tWhat is your ethnicity?<\/div>","DefaultChoices":false,"DataExportTag":"Ethnicity","QuestionType":"MC","Selector":"MACOL","SubSelector":"TX","Configuration":{"QuestionDescriptionOption":"UseText","NumColumns":2},"QuestionDescription":"What is your ethnicity?","Choices":{"1":{"Display":"Black \/ African American"},"2":{"Display":"Hispanic \/ Latino"},"3":{"Display":"Asian \/ Pacific Islander"},"4":{"Display":"Native American \/ American Indian"},"5":{"Display":"White \/ Caucasian"},"6":{"Display":"Other","TextEntry":"true"}},"ChoiceOrder":["1","2","3","4","5","6"],"Validation":{"Settings":{"ForceResponse":"OFF","ForceResponseType":"ON","Type":"None"}},"GradingData":[],"Language":[],"QuestionID":"QID54"}},{"SurveyID":"SV_8ACmBOKdOdMhylL","Element":"SQ","PrimaryAttribute":"QID53","SecondaryAttribute":"What is your gender?\n\n\t\u00a0","TertiaryAttribute":null,"Payload":{"QuestionText":"<div>\n\tWhat is your gender?<\/div>\n<div>\n\t&nbsp;<\/div>","DataExportTag":"Gender","QuestionType":"MC","Selector":"SAVR","SubSelector":"TX","Configuration":{"QuestionDescriptionOption":"UseText"},"QuestionDescription":"What is your gender?\n\n\t\u00a0","Choices":{"1":{"Display":"Male"},"2":{"Display":"Female"},"3":{"Display":"Prefer not to answer \/ Other","TextEntry":"true"}},"ChoiceOrder":[1,2,3],"Validation":{"Settings":{"ForceResponse":"OFF","ForceResponseType":"ON"}},"Language":[],"QuestionID":"QID53"}}]}