{"SurveyEntry":{"SurveyID":"SV_6xpiT262NubLvPn","SurveyName":"Phillips and George Study 1","SurveyDescription":"Knowledge_wh study 1","SurveyOwnerID":"UR_4U53s07cvZalUrO","SurveyBrandID":"yale","DivisionID":null,"SurveyLanguage":"EN","SurveyActiveResponseSet":"RS_6DVlGTZxJIxPbjD","SurveyStatus":"Inactive","SurveyStartDate":"0000-00-00 00:00:00","SurveyExpirationDate":"0000-00-00 00:00:00","SurveyCreationDate":"2018-05-15 19:07:48","CreatorID":"UR_4U53s07cvZalUrO","LastModified":"2018-05-15 19:07:48","LastAccessed":"0000-00-00 00:00:00","LastActivated":"0000-00-00 00:00:00","Deleted":null},"SurveyElements":[{"SurveyID":"SV_6xpiT262NubLvPn","Element":"BL","PrimaryAttribute":"Survey Blocks","SecondaryAttribute":null,"TertiaryAttribute":null,"Payload":{"0":{"Type":"Default","Description":"Base Case","ID":"BL_9WQB2wVKr5myvw8","BlockElements":[{"Type":"Question","QuestionID":"QID3"},{"Type":"Question","QuestionID":"QID69"},{"Type":"Question","QuestionID":"QID70"}],"Options":{"BlockLocking":"false","Looping":"None","RandomizeQuestions":"false","LoopingOptions":null,"Randomization":{"EvenPresentation":false}}},"1":{"Type":"Trash","Description":"Trash \/ Unused Questions","ID":"BL_aVnGieXh2oxfxDC","BlockElements":[]},"5":{"Type":"Standard","Description":"Consent","ID":"BL_cOKR2ORGYOY47pG","BlockElements":[{"Type":"Question","QuestionID":"QID14"}]},"6":{"Type":"Standard","Description":"Error Case","ID":"BL_b9Rcp5m0PllZxo8","BlockElements":[{"Type":"Question","QuestionID":"QID44"},{"Type":"Question","QuestionID":"QID79"},{"Type":"Question","QuestionID":"QID71"}],"Options":{"BlockLocking":"false","Looping":"None","RandomizeQuestions":"false","LoopingOptions":null,"Randomization":{"EvenPresentation":false}}},"7":{"Type":"Standard","Description":"Demographics and Controls","ID":"BL_0C9Xwg9B6JqgcWE","BlockElements":[{"Type":"Question","QuestionID":"QID64"},{"Type":"Page Break"},{"Type":"Question","QuestionID":"QID51"},{"Type":"Question","QuestionID":"QID80"},{"Type":"Question","QuestionID":"QID52"},{"Type":"Question","QuestionID":"QID53"},{"Type":"Question","QuestionID":"QID54"},{"Type":"Question","QuestionID":"QID55"},{"Type":"Question","QuestionID":"QID56"}]},"8":{"Type":"Standard","Description":"code","ID":"BL_1H73fhxWCIrX8sA","BlockElements":[{"Type":"Question","QuestionID":"QID63"}]}}},{"SurveyID":"SV_6xpiT262NubLvPn","Element":"BR","PrimaryAttribute":"FL_16","SecondaryAttribute":null,"TertiaryAttribute":null,"Payload":{"FL_17":0,"FL_41":0,"ID":"FL_16"}},{"SurveyID":"SV_6xpiT262NubLvPn","Element":"FL","PrimaryAttribute":"Survey Flow","SecondaryAttribute":null,"TertiaryAttribute":null,"Payload":{"Type":"Root","FlowID":"FL_1","Flow":[{"Type":"Standard","ID":"BL_cOKR2ORGYOY47pG","FlowID":"FL_13"},{"Type":"Branch","FlowID":"FL_23","Description":"New Branch","BranchLogic":{"0":{"0":{"LogicType":"Question","QuestionID":"QID14","ChoiceLocator":"q:\/\/QID14\/SelectableChoice\/2","Operator":"Selected","QuestionIDFromLocator":"QID14","LeftOperand":"q:\/\/QID14\/SelectableChoice\/2","Type":"Expression","Description":"<span class=\"ConjDesc\">If<\/span> <span class=\"QuestionDesc\">Research Informed Consent\n \n &nbsp;These HITs are part of a research study being conducted by Jonathan Phillips at Yale University about how people make decisions. The completed work will be stored at Y...<\/span> <span class=\"LeftOpDesc\">No<\/span> <span class=\"OpDesc\">Is Selected<\/span> "},"Type":"If"},"Type":"BooleanExpression"},"Flow":[{"Type":"EndSurvey","FlowID":"FL_40"}]},{"Type":"Branch","FlowID":"FL_15","Description":"New Branch","BranchLogic":{"0":{"0":{"LogicType":"Question","QuestionID":"QID14","ChoiceLocator":"q:\/\/QID14\/SelectableChoice\/1","Operator":"Selected","QuestionIDFromLocator":"QID14","LeftOperand":"q:\/\/QID14\/SelectableChoice\/1","Type":"Expression","Description":"<span class=\"ConjDesc\">If<\/span> <span class=\"QuestionDesc\">Research Informed Consent\n \n &nbsp;These HITs are part of a research study being conducted by Jonathan Phillips at Yale University about how people make decisions. The completed work will be stored at Y...<\/span> <span class=\"LeftOpDesc\">Yes<\/span> <span class=\"OpDesc\">Is Selected<\/span> "},"Type":"If"},"Type":"BooleanExpression"},"Flow":[{"Type":"BlockRandomizer","FlowID":"FL_16","SubSet":2,"EvenPresentation":true,"Flow":[{"Type":"Block","ID":"BL_9WQB2wVKr5myvw8","FlowID":"FL_17"},{"Type":"Standard","ID":"BL_b9Rcp5m0PllZxo8","FlowID":"FL_41"}]},{"Type":"Standard","ID":"BL_0C9Xwg9B6JqgcWE","FlowID":"FL_42"},{"Type":"WebService","FlowID":"FL_43","URL":"http:\/\/reporting.qualtrics.com\/projects\/randomNumGen.php","Method":"GET","RequestParams":[{"key":"min","value":"1000000"},{"key":"max","value":"9999999"}],"EditBodyParams":[],"Body":[],"ContentType":"application\/x-www-form-urlencoded","Headers":[],"ResponseMap":[{"key":"random","value":"random"}],"FireAndForget":false,"SchemaVersion":0},{"Type":"Standard","ID":"BL_1H73fhxWCIrX8sA","FlowID":"FL_44"}]}],"Properties":{"Count":48}}},{"SurveyID":"SV_6xpiT262NubLvPn","Element":"SO","PrimaryAttribute":"Survey Options","SecondaryAttribute":null,"TertiaryAttribute":null,"Payload":{"BackButton":"true","SaveAndContinue":"false","SurveyProtection":"PublicSurvey","BallotBoxStuffingPrevention":"false","SurveyExpiration":null,"SurveyTermination":"DisplayMessage","Header":"","Footer":"","ProgressBarDisplay":"None","PartialData":"+1 week","PreviousButton":"  <<  ","NextButton":"  >>  ","SkinLibrary":"Qualtrics","SkinType":"MQ","Skin":"Business","ShowExportTags":"false","PasswordProtection":"No","Password":"","RefererCheck":"No","RefererURL":"http:\/\/","EOSMessageLibrary":"UR_4U53s07cvZalUrO","EOSMessage":"MS_ahf8opAetaTQ7fC","EOSRedirectURL":"http:\/\/","EmailThankYou":"false","ThankYouEmailMessageLibrary":null,"ThankYouEmailMessage":null,"InactiveSurvey":"DefaultMessage","InactiveMessageLibrary":"","InactiveMessage":"","AvailableLanguages":{"EN":[]},"ValidationMessage":null,"ValidationMessageLibrary":null,"SurveyTitle":"Survey | Qualtrics Survey Software","SurveyMetaDescription":"Survey Software, Enterprise Survey software for enterprise feedback management and CRM solutions.  Enables high-quality data collection, panel management and results analysis. Perfect for market research or CRM solution (Customer Relationship Management) integration.  Free trial and consultation.","AnonymizeResponse":"No","NoIndex":"No","OneCompletePerIP":"false","ValidateMessage":"false","SkinQuestionWidth":700,"SurveyCreationDate":"2012-12-28 10:39:48","NewScoring":1,"CollectGeoLocation":"false","ProtectSelectionIds":true}},{"SurveyID":"SV_6xpiT262NubLvPn","Element":"SCO","PrimaryAttribute":"Scoring","SecondaryAttribute":null,"TertiaryAttribute":null,"Payload":{"ScoringCategories":[],"ScoringCategoryGroups":[],"ScoringSummaryCategory":null,"ScoringSummaryAfterQuestions":false,"ScoringSummaryAfterSurvey":false,"NextCategoryId":1,"NextGroupId":1,"DefaultScoringCategory":null,"ID":"Scoring"}},{"SurveyID":"SV_6xpiT262NubLvPn","Element":"STAT","PrimaryAttribute":"Survey Statistics","SecondaryAttribute":null,"TertiaryAttribute":null,"Payload":{"MobileCompatible":true,"ID":"Survey Statistics"}},{"SurveyID":"SV_6xpiT262NubLvPn","Element":"PROJ","PrimaryAttribute":"CORE","SecondaryAttribute":"1.0.0","TertiaryAttribute":null,"Payload":null},{"SurveyID":"SV_6xpiT262NubLvPn","Element":"QC","PrimaryAttribute":"Survey Question Count","SecondaryAttribute":"80","TertiaryAttribute":null,"Payload":null},{"SurveyID":"SV_6xpiT262NubLvPn","Element":"RS","PrimaryAttribute":"RS_6DVlGTZxJIxPbjD","SecondaryAttribute":"Default Response Set","TertiaryAttribute":null,"Payload":null},{"SurveyID":"SV_6xpiT262NubLvPn","Element":"SQ","PrimaryAttribute":"QID51","SecondaryAttribute":"In this part of the experiment, we'd like you to answer a series of background questions. \n\t \n(...","TertiaryAttribute":null,"Payload":{"QuestionText":"<div>\n\t&nbsp;<\/div>\n<meta charset=\"utf-8\">\n<div>\n\t<span style=\"font-size:16px;\">In this part of the experiment, we'd like you to answer a series of background questions.<\/span><br>\n\t&nbsp;<\/div>\n<div>(Your answers to these questions are very helpful, and are for research purposes only.&nbsp;Remember that your responses are entirely anonymous. If you feel uncomfortable with a&nbsp;question in this section, you can leave the question blank.)<\/div>\n<div>\n\t&nbsp;<\/div>","DataExportTag":"DemoInstr","QuestionType":"MC","Selector":"SAVR","SubSelector":"TX","Configuration":{"QuestionDescriptionOption":"UseText"},"QuestionDescription":"In this part of the experiment, we'd like you to answer a series of background questions. \n\t \n(...","Choices":[],"ChoiceOrder":[],"Validation":{"Settings":{"ForceResponse":"OFF","ForceResponseType":"ON"}},"Language":[],"QuestionID":"QID51"}},{"SurveyID":"SV_6xpiT262NubLvPn","Element":"SQ","PrimaryAttribute":"QID80","SecondaryAttribute":"Is English your native language?","TertiaryAttribute":null,"Payload":{"QuestionText":"Is English your native language?","DefaultChoices":false,"DataExportTag":"Lang","QuestionType":"MC","Selector":"SAVR","SubSelector":"TX","Configuration":{"QuestionDescriptionOption":"UseText"},"QuestionDescription":"Is English your native language?","Choices":{"21":{"Display":"Yes"},"22":{"Display":"No"}},"ChoiceOrder":["21","22"],"Validation":{"Settings":{"ForceResponse":"OFF","ForceResponseType":"ON","Type":"None"}},"GradingData":[],"Language":[],"QuestionID":"QID80"}},{"SurveyID":"SV_6xpiT262NubLvPn","Element":"SQ","PrimaryAttribute":"QID79","SecondaryAttribute":"Now please tell us whether you agree\nor disagree with the following statement.\n \n Sue knows where...","TertiaryAttribute":null,"Payload":{"QuestionText":"<span style=\"font-size:16px;\">Now please tell us whether you agree or disagree with the following statement.<\/span>\n<div>\n\t<br>\n\t<ul>\n\t\t<li>\n\t\t\t<strong><span style=\"font-size:16px;\">Sue knows where she can buy an Italian newspaper.<\/span><\/strong><\/li>\n\t<\/ul><div><font class=\"Apple-style-span\" size=\"3\"><br><\/font><\/div>\n<\/div>","DefaultChoices":false,"DataExportTag":"Error_know","QuestionType":"MC","Selector":"SAHR","SubSelector":"TX","Configuration":{"QuestionDescriptionOption":"UseText","LabelPosition":"BELOW"},"QuestionDescription":"Now please tell us whether you agree\nor disagree with the following statement.\n \n Sue knows where...","Choices":{"1":{"Display":"Completely <\/br> disagree"},"2":{"Display":"&nbsp;"},"3":{"Display":"&nbsp;"},"4":{"Display":"In between"},"5":{"Display":"&nbsp;"},"6":{"Display":"&nbsp;"},"7":{"Display":"Completely <\/br> agree"}},"ChoiceOrder":[1,2,3,4,5,6,7],"Validation":{"Settings":{"ForceResponse":"ON","ForceResponseType":"ON","Type":"None"}},"GradingData":[],"Language":[],"QuestionID":"QID79"}},{"SurveyID":"SV_6xpiT262NubLvPn","Element":"SQ","PrimaryAttribute":"QID69","SecondaryAttribute":"Now please tell us whether you agree or disagree with the following statement.\n\n\t\n\t\t\tSue knows where","TertiaryAttribute":null,"Payload":{"QuestionText":"<span style=\"font-size:16px;\">Now please tell us whether you agree or disagree with the following statement.<\/span>\n<div>\n\t<br>\n\t<ul>\n\t\t<li>\n\t\t\t<strong><span style=\"font-size:16px;\">Sue knows where she can buy an Italian newspaper.<\/span><\/strong><\/li>\n\t<\/ul><div><font class=\"Apple-style-span\" size=\"3\"><br><\/font><\/div>\n<\/div>","DefaultChoices":false,"DataExportTag":"Base_know","QuestionType":"MC","Selector":"SAHR","SubSelector":"TX","Configuration":{"QuestionDescriptionOption":"UseText","LabelPosition":"BELOW"},"QuestionDescription":"Now please tell us whether you agree or disagree with the following statement.\n\n\t\n\t\t\tSue knows where...","Choices":{"1":{"Display":"Completely <\/br> disagree"},"2":{"Display":"&nbsp;"},"3":{"Display":"&nbsp;"},"4":{"Display":"Neither agree <br> nor disagree"},"5":{"Display":"&nbsp;"},"6":{"Display":"&nbsp;"},"7":{"Display":"Completely <\/br> agree"}},"ChoiceOrder":[1,2,3,4,5,6,7],"Validation":{"Settings":{"ForceResponse":"ON","ForceResponseType":"ON","Type":"None"}},"GradingData":[],"Language":[],"QuestionID":"QID69"}},{"SurveyID":"SV_6xpiT262NubLvPn","Element":"SQ","PrimaryAttribute":"QID63","SecondaryAttribute":"Please copy and paste this code into the box on mturk: ${e:\/\/Field\/random}\n\n\t \n\n\tYou must click next","TertiaryAttribute":null,"Payload":{"QuestionText":"<span style=\"font-size:16px;\">Please copy and paste this code into the box on mturk:&nbsp;<\/span> ${e:\/\/Field\/random}\n<div>\n\t&nbsp;<\/div>\n<div>\n\t<strong><span style=\"font-size:16px;\">You must click next to complete the survey!<\/span><\/strong><br \/>\n\t<div>\n\t\t&nbsp;<\/div>\n\t<div>\n\t\t<span style=\"font-size:16px;\">Thanks for your time.<\/span><\/div>\n<\/div>\n","DataExportTag":"Code","QuestionType":"MC","Selector":"SAVR","SubSelector":"TX","Configuration":{"QuestionDescriptionOption":"UseText"},"QuestionDescription":"Please copy and paste this code into the box on mturk: ${e:\/\/Field\/random}\n\n\t \n\n\tYou must click next...","Choices":[],"ChoiceOrder":[],"Validation":{"Settings":{"ForceResponse":"OFF","ForceResponseType":"ON","Type":"None"}},"Language":[],"QuestionID":"QID63"}},{"SurveyID":"SV_6xpiT262NubLvPn","Element":"SQ","PrimaryAttribute":"QID64","SecondaryAttribute":"Please give a brief summary of the difference between the two stories you read.","TertiaryAttribute":null,"Payload":{"QuestionText":"<span style=\"font-size:16px;\">Please give a brief summary of the difference between the two stories you read.<\/span>","DefaultChoices":false,"DataExportTag":"Summary","QuestionType":"TE","Selector":"SL","Configuration":{"QuestionDescriptionOption":"UseText"},"QuestionDescription":"Please give a brief summary of the difference between the two stories you read.","Choices":{"1":{"Display":"Click to write Choice 1"},"2":{"Display":"Click to write Choice 2"},"3":{"Display":"Click to write Choice 3"}},"ChoiceOrder":["1","2","3"],"Validation":{"Settings":{"ForceResponse":"RequestResponse","ForceResponseType":"RequestResponse","Type":"None"}},"GradingData":[],"Language":[],"QuestionID":"QID64"}},{"SurveyID":"SV_6xpiT262NubLvPn","Element":"SQ","PrimaryAttribute":"QID55","SecondaryAttribute":"Please indicate the highest level of education completed.","TertiaryAttribute":null,"Payload":{"QuestionText":"Please indicate the highest level of education completed.","DataExportTag":"Education","QuestionType":"MC","Selector":"SAVR","SubSelector":"TX","Configuration":{"QuestionDescriptionOption":"UseText"},"QuestionDescription":"Please indicate the highest level of education completed.","Choices":{"1":{"Display":"Grammar School"},"2":{"Display":"High School or equivalent"},"3":{"Display":"Vocational\/Technical School (2 year)"},"4":{"Display":"Some College"},"5":{"Display":"College Graduate (4 year)"},"6":{"Display":"Master's Degree (MS)"},"7":{"Display":"Doctoral Degree (PhD)"},"8":{"Display":"Professional Degree (MD, JD, etc.)"},"9":{"Display":"Other"}},"ChoiceOrder":["1","2","3","4","5","6","7","8","9"],"Randomization":{"Type":"None"},"Validation":{"Settings":{"ForceResponseType":"ON"}},"VariableNaming":{"1":"Grammar School","2":"High School or equivalent","3":"Vocational\/Technical School (2 year)","4":"Some College","5":"College Graduate (4 year)","6":"Master's Degree (MS)","7":"Doctoral Degree (PhD)","8":"Professional Degree (MD, JD, etc.)","9":"Other"},"Language":[],"QuestionID":"QID55"}},{"SurveyID":"SV_6xpiT262NubLvPn","Element":"SQ","PrimaryAttribute":"QID3","SecondaryAttribute":"Please read the following\nstory carefully. You will be asked about it again at the end of the\nstu...","TertiaryAttribute":null,"Payload":{"QuestionText":"<span style=\"font-size:16px;\"><strong>Please read the following story carefully. You will be asked about it again at the end of the study.&nbsp;<\/strong><\/span><div><br><\/div><div><div>\n <p>\n  <span id=\"docs-internal-guid-6797432d-ce18-72aa-ad12-57c45cc93b49\"><span style=\"font-size: 15px; font-family: Arial; color: rgb(0, 0, 0); background-color: transparent; vertical-align: baseline; white-space: pre-wrap;\">Sue is standing on the street near a store called Newstopia. Sue\u2019s friend, Bob, a native of the city who is normally very well-informed and trustworthy, told her that she can buy an Italian newspaper at Newstopia. Having no reason to doubt this, Sue took Bob at his word. Bob was correct about Newstopia, which does sell Italian newspapers. &nbsp;<\/span><\/span><\/p>\n<\/div>\n<div>\n <br><br><\/div><\/div>","DataExportTag":"Base_vign","QuestionType":"MC","Selector":"SAVR","SubSelector":"TX","Configuration":{"QuestionDescriptionOption":"UseText"},"QuestionDescription":"Please read the following\nstory carefully. You will be asked about it again at the end of the\nstu...","Choices":[],"Validation":{"Settings":{"ForceResponseType":"ON","Type":"None"}},"GradingData":[],"Language":[],"QuestionID":"QID3","ChoiceOrder":[],"QuestionJS":false}},{"SurveyID":"SV_6xpiT262NubLvPn","Element":"SQ","PrimaryAttribute":"QID44","SecondaryAttribute":"Please read the following\nstory carefully. You will be asked about it again at the end of the\nstu...","TertiaryAttribute":null,"Payload":{"QuestionText":"<span style=\"font-size:16px;\"><strong>Please read the following story carefully. You will be asked about it again at the end of the study.&nbsp;<\/strong><\/span><div><br><\/div><div><div>\n <p>\n  <span id=\"docs-internal-guid-6797432d-ce18-72aa-ad12-57c45cc93b49\"><span style=\"font-size: 15px; font-family: Arial; color: rgb(0, 0, 0); background-color: transparent; vertical-align: baseline; white-space: pre-wrap;\">Sue is standing on the street near two stores: one called PaperWorld, and another called Newstopia. Sue\u2019s friend, Bob, a native of the city who is normally very well-informed and trustworthy, told her that she can buy an Italian newspaper at PaperWorld, and also at Newstopia. Having no reason to doubt this, Sue took Bob at his word. However, Bob completely misinformed Sue about PaperWorld, which does not sell newspapers, but actually just sells stationery and office supplies. Bob was correct about Newstopia.\n<\/span><\/span><\/p>\n<\/div>\n<div>\n <br><br><\/div><\/div>","QuestionType":"MC","Selector":"SAVR","SubSelector":"TX","Configuration":{"QuestionDescriptionOption":"UseText"},"QuestionDescription":"Please read the following\nstory carefully. You will be asked about it again at the end of the\nstu...","Choices":[],"Validation":{"Settings":{"ForceResponseType":"ON","Type":"None"}},"GradingData":[],"Language":[],"ChoiceOrder":[],"DataExportTag":"Error_vign","QuestionID":"QID44","QuestionJS":false}},{"SurveyID":"SV_6xpiT262NubLvPn","Element":"SQ","PrimaryAttribute":"QID14","SecondaryAttribute":"Research Informed Consent\n \n \u00a0These HITs are part of a research study being conducted by Jonathan P","TertiaryAttribute":null,"Payload":{"QuestionText":"<meta charset=\"utf-8\">\n<div style=\"font-family: Arial, Verdana, sans-serif; font-size: 12px; color: rgb(34, 34, 34); background-color: rgb(255, 255, 255); \">\n <p class=\"MsoTitle\" style=\"text-align: center;\">\n  <strong>Research Informed Consent<\/strong><\/p><p class=\"MsoTitle\" style=\"text-align: center;\"><strong><br><\/strong><\/p>\n <p align=\"center\" class=\"MsoNormal\" style=\"text-align: center; \">\n  <o:p>&nbsp;<\/o:p><span style=\"font-family: ArialMT; font-size: 9pt;\">These HITs are part of a research study being conducted by Jonathan Phillips at Yale University about how people make decisions. The completed work will be stored at Yale in our laboratory and will be confidential. The response records will be kept for up to three years afterwards to aid in data analysis and interpretation. Participation in this study is voluntary, and you may withdraw at any time, but you will only be compensated for the questions you answer in accordance with the policies of Amazon Mechanical Turk and the terms of this HIT.<\/span><\/p>\n <p align=\"center\" class=\"MsoNormal\" style=\"text-align: center; \">\n  &nbsp;<\/p>\n <div class=\"page\" title=\"Page 1\">\n  <div class=\"layoutArea\">\n   <div class=\"column\">\n    <p>\n     <span style=\"font-size: 9.000000pt; font-family: 'ArialMT'\">If you choose to answer all the questions it should take approximately 5 minutes. <\/span><\/p><p><span style=\"font-size: 9.000000pt; font-family: 'ArialMT'\"><br><\/span><\/p>\n    <p>\n     <span style=\"font-size: 9.000000pt; font-family: 'ArialMT'\">There are no known risks and you will not receive any other benefit for participating in this study. If you have any questions or concerns, you may reach us by using the \u2018contact this requester\u2019 link. <\/span><\/p><p><span style=\"font-size: 9.000000pt; font-family: 'ArialMT'\"><br><\/span><\/p>\n    <p>\n     <span style=\"font-size: 8.000000pt; font-family: 'Arial'; color: rgb(0.000000%, 0.000000%, 100.000000%)\">APPROVED BY THE YALE UNIVERSITY HUMAN SUBJECTS COMMITTEE 25-JAN-2013&nbsp;<\/span><\/p><p><span style=\"font-size: 8.000000pt; font-family: 'Arial'; color: rgb(0.000000%, 0.000000%, 100.000000%)\"><br><\/span><\/p>\n   <\/div>\n  <\/div>\n <\/div>\n <p class=\"MsoNormal\">\n  &nbsp;<\/p>\n <p class=\"MsoNormal\">\n  <o:p><em><strong><span style=\"font-size: 16px; \">&nbsp;Do you voluntarily consent to participate in this study?<\/span><\/strong><\/em><\/o:p><\/p>\n<\/div>","DataExportTag":"Consent","QuestionType":"MC","Selector":"SAVR","SubSelector":"TX","Configuration":{"QuestionDescriptionOption":"UseText"},"QuestionDescription":"Research Informed Consent\n \n \u00a0These HITs are part of a research study being conducted by Jonathan Phillips at Yale University about how people make decisions. The completed work will be stored at Y...","Choices":{"1":{"Display":"Yes"},"2":{"Display":"No"}},"Validation":{"Settings":{"ForceResponseType":"ON","Type":"None"}},"Language":[],"QuestionID":"QID14","ChoiceOrder":["1","2"]}},{"SurveyID":"SV_6xpiT262NubLvPn","Element":"SQ","PrimaryAttribute":"QID56","SecondaryAttribute":"Think of this ladder as representing where people stand in the United States. At the top of the ladd","TertiaryAttribute":null,"Payload":{"QuestionText":"Think of this ladder as representing where people stand in the United States. At the top of the ladder are the people who have the most money, most education, and most respected jobs. At the bottom are the people who have the least money, least education, and least respected jobs or no job. The higher up you are on this ladder, the closer you are to the people at the very top, and the lower you are, the closer you are to the people at the very bottom.<div><br>\n<img src=\"https:\/\/yale.qualtrics.com\/CP\/Graphic.php?IM=IM_0SONYA8Aes5ati4\"><br>\n<meta charset=\"utf-8\">\n<br>\n<strong><em>Where would you place yourself on this ladder? Please select the rung where you think you stand at this time in your life, relative to other people in the United States.<\/em><\/strong><\/div>","DataExportTag":"SES","QuestionType":"MC","Selector":"SAVR","SubSelector":"TX","Configuration":{"QuestionDescriptionOption":"UseText"},"QuestionDescription":"Think of this ladder as representing where people stand in the United States. At the top of the ladd...","Choices":{"1":{"Display":"Rung 10 (Top Rung)"},"2":{"Display":"Rung 9"},"3":{"Display":"Rung 8"},"4":{"Display":"Rung 7"},"5":{"Display":"Rung 6"},"6":{"Display":"Rung 5"},"7":{"Display":"Rung 4"},"8":{"Display":"Rung 3"},"9":{"Display":"Rung 2"},"10":{"Display":"Rung 1 (Bottom Rung)"}},"ChoiceOrder":[1,2,3,4,5,6,7,8,9,10],"Validation":{"Settings":{"ForceResponse":"OFF","ForceResponseType":"ON"}},"Language":[],"QuestionID":"QID56"}},{"SurveyID":"SV_6xpiT262NubLvPn","Element":"SQ","PrimaryAttribute":"QID70","SecondaryAttribute":"Timing","TertiaryAttribute":null,"Payload":{"QuestionText":"Timing","DefaultChoices":false,"DataExportTag":"Base_Time","QuestionType":"Timing","Selector":"PageTimer","Configuration":{"QuestionDescriptionOption":"UseText","MinSeconds":"0","MaxSeconds":"0"},"QuestionDescription":"Timing","Choices":{"1":{"Display":"First Click"},"2":{"Display":"Last Click"},"3":{"Display":"Page Submit"},"4":{"Display":"Click Count"}},"ChoiceOrder":["1","2","3"],"GradingData":[],"Language":[],"QuestionID":"QID70"}},{"SurveyID":"SV_6xpiT262NubLvPn","Element":"SQ","PrimaryAttribute":"QID71","SecondaryAttribute":"Timing","TertiaryAttribute":null,"Payload":{"QuestionText":"Timing","DefaultChoices":false,"DataExportTag":"Error_Time","QuestionType":"Timing","Selector":"PageTimer","Configuration":{"QuestionDescriptionOption":"UseText","MinSeconds":"0","MaxSeconds":"0"},"QuestionDescription":"Timing","Choices":{"1":{"Display":"First Click"},"2":{"Display":"Last Click"},"3":{"Display":"Page Submit"},"4":{"Display":"Click Count"}},"ChoiceOrder":["1","2","3"],"GradingData":[],"Language":[],"QuestionID":"QID71"}},{"SurveyID":"SV_6xpiT262NubLvPn","Element":"SQ","PrimaryAttribute":"QID52","SecondaryAttribute":"What is your age?\n\n\t ","TertiaryAttribute":null,"Payload":{"QuestionText":"<div>\n\tWhat is your age?<\/div>\n<div>\n\t&nbsp;<\/div>","DataExportTag":"Age","QuestionType":"TE","Selector":"SL","Configuration":{"QuestionDescriptionOption":"UseText"},"QuestionDescription":"What is your age?\n\n\t ","Choices":{"1":{"Display":"Click to write Choice 1"},"2":{"Display":"Click to write Choice 2"},"3":{"Display":"Click to write Choice 3"}},"ChoiceOrder":["1","2","3"],"Validation":{"Settings":{"ForceResponse":"OFF","ForceResponseType":"ON","Type":"None"}},"GradingData":[],"Language":[],"QuestionID":"QID52"}},{"SurveyID":"SV_6xpiT262NubLvPn","Element":"SQ","PrimaryAttribute":"QID54","SecondaryAttribute":"What is your ethnicity?","TertiaryAttribute":null,"Payload":{"QuestionText":"<div>\n\tWhat is your ethnicity?<\/div>","DefaultChoices":false,"DataExportTag":"Ethnicity","QuestionType":"MC","Selector":"MACOL","SubSelector":"TX","Configuration":{"QuestionDescriptionOption":"UseText","NumColumns":2},"QuestionDescription":"What is your ethnicity?","Choices":{"1":{"Display":"Black \/ African American"},"2":{"Display":"Hispanic \/ Latino"},"3":{"Display":"Asian \/ Pacific Islander"},"4":{"Display":"Native American \/ American Indian"},"5":{"Display":"White \/ Caucasian"},"6":{"Display":"Other","TextEntry":"true"}},"ChoiceOrder":["1","2","3","4","5","6"],"Validation":{"Settings":{"ForceResponse":"OFF","ForceResponseType":"ON","Type":"None"}},"GradingData":[],"Language":[],"QuestionID":"QID54"}},{"SurveyID":"SV_6xpiT262NubLvPn","Element":"SQ","PrimaryAttribute":"QID53","SecondaryAttribute":"What is your gender?\n\n\t\u00a0","TertiaryAttribute":null,"Payload":{"QuestionText":"<div>\n\tWhat is your gender?<\/div>\n<div>\n\t&nbsp;<\/div>","DataExportTag":"Gender","QuestionType":"MC","Selector":"SAVR","SubSelector":"TX","Configuration":{"QuestionDescriptionOption":"UseText"},"QuestionDescription":"What is your gender?\n\n\t\u00a0","Choices":{"1":{"Display":"Male"},"2":{"Display":"Female"},"3":{"Display":"Prefer not to answer \/ Other","TextEntry":"true"}},"ChoiceOrder":[1,2,3],"Validation":{"Settings":{"ForceResponse":"OFF","ForceResponseType":"ON"}},"Language":[],"QuestionID":"QID53"}}]}