{"SurveyEntry":{"SurveyID":"SV_cZo50KJvJumosDz","SurveyName":"Phillips and George Study 5 - who","SurveyDescription":"Knowledge_wh study 1","SurveyOwnerID":"UR_4U53s07cvZalUrO","SurveyBrandID":"yale","DivisionID":null,"SurveyLanguage":"EN","SurveyActiveResponseSet":"RS_78pvnfhGMJ9KhbT","SurveyStatus":"Inactive","SurveyStartDate":"0000-00-00 00:00:00","SurveyExpirationDate":"0000-00-00 00:00:00","SurveyCreationDate":"2018-05-15 20:02:21","CreatorID":"UR_4U53s07cvZalUrO","LastModified":"2018-05-15 20:02:38","LastAccessed":"0000-00-00 00:00:00","LastActivated":"0000-00-00 00:00:00","Deleted":null},"SurveyElements":[{"SurveyID":"SV_cZo50KJvJumosDz","Element":"BL","PrimaryAttribute":"Survey Blocks","SecondaryAttribute":null,"TertiaryAttribute":null,"Payload":{"0":{"Type":"Default","Description":"Version 1","ID":"BL_9WQB2wVKr5myvw8","BlockElements":[{"Type":"Question","QuestionID":"QID3"},{"Type":"Question","QuestionID":"QID81"},{"Type":"Question","QuestionID":"QID83"},{"Type":"Question","QuestionID":"QID84"},{"Type":"Question","QuestionID":"QID92"},{"Type":"Question","QuestionID":"QID69"},{"Type":"Question","QuestionID":"QID70"}],"Options":{"BlockLocking":"false","Looping":"None","RandomizeQuestions":"Advanced","LoopingOptions":null,"Randomization":{"EvenPresentation":true,"Advanced":{"FixedOrder":["QID3","{~SubSet~}","QID69","QID70"],"RandomizeAll":[],"RandomSubSet":["QID81","QID83","QID84","QID92"],"Undisplayed":[],"TotalRandSubset":1,"QuestionsPerPage":0}}}},"1":{"Type":"Trash","Description":"Trash \/ Unused Questions","ID":"BL_aVnGieXh2oxfxDC","BlockElements":[]},"5":{"Type":"Standard","Description":"Consent","ID":"BL_cOKR2ORGYOY47pG","BlockElements":[{"Type":"Question","QuestionID":"QID14"}]},"7":{"Type":"Standard","Description":"Demographics and Controls","ID":"BL_0C9Xwg9B6JqgcWE","BlockElements":[{"Type":"Question","QuestionID":"QID51"},{"Type":"Question","QuestionID":"QID80"},{"Type":"Question","QuestionID":"QID52"},{"Type":"Question","QuestionID":"QID53"},{"Type":"Question","QuestionID":"QID54"},{"Type":"Question","QuestionID":"QID55"},{"Type":"Question","QuestionID":"QID56"}]},"8":{"Type":"Standard","Description":"code","ID":"BL_1H73fhxWCIrX8sA","BlockElements":[{"Type":"Question","QuestionID":"QID63"}]},"9":{"Type":"Standard","SubType":"","Description":"Control","ID":"BL_9oGyuxwe5NiAR5b","BlockElements":[{"Type":"Question","QuestionID":"QID91"}]}}},{"SurveyID":"SV_cZo50KJvJumosDz","Element":"BR","PrimaryAttribute":"FL_16","SecondaryAttribute":null,"TertiaryAttribute":null,"Payload":{"FL_52":0,"FL_17":0}},{"SurveyID":"SV_cZo50KJvJumosDz","Element":"BR","PrimaryAttribute":"BL_9WQB2wVKr5myvw8","SecondaryAttribute":null,"TertiaryAttribute":null,"Payload":{"QID3":0,"QID83":0,"QID69":0,"QID70":0,"QID81":0,"QID84":0,"QID92":0}},{"SurveyID":"SV_cZo50KJvJumosDz","Element":"FL","PrimaryAttribute":"Survey Flow","SecondaryAttribute":null,"TertiaryAttribute":null,"Payload":{"Type":"Root","FlowID":"FL_1","Flow":[{"Type":"Standard","ID":"BL_cOKR2ORGYOY47pG","FlowID":"FL_13"},{"Type":"Branch","FlowID":"FL_23","Description":"New Branch","BranchLogic":{"0":{"0":{"LogicType":"Question","QuestionID":"QID14","ChoiceLocator":"q:\/\/QID14\/SelectableChoice\/2","Operator":"Selected","QuestionIDFromLocator":"QID14","LeftOperand":"q:\/\/QID14\/SelectableChoice\/2","Type":"Expression","Description":"<span class=\"ConjDesc\">If<\/span> <span class=\"QuestionDesc\">\n\tResearch Informed Consent\n\n\t&lt;o:p&gt;&amp;nbsp;&lt;\/o:p&gt;\n\n\tIntuiti...<\/span> <span class=\"LeftOpDesc\">No<\/span> Is <span class=\"OpDesc\">Selected<\/span> "},"Type":"If"},"Type":"BooleanExpression"},"Flow":[{"Type":"EndSurvey","FlowID":"FL_40"}]},{"Type":"Branch","FlowID":"FL_15","Description":"New Branch","BranchLogic":{"0":{"0":{"LogicType":"Question","QuestionID":"QID14","ChoiceLocator":"q:\/\/QID14\/SelectableChoice\/1","Operator":"Selected","QuestionIDFromLocator":"QID14","LeftOperand":"q:\/\/QID14\/SelectableChoice\/1","Type":"Expression","Description":"<span class=\"ConjDesc\">If<\/span> <span class=\"QuestionDesc\">\n\tResearch Informed Consent\n\n\t&lt;o:p&gt;&amp;nbsp;&lt;\/o:p&gt;\n\n\tIntuiti...<\/span> <span class=\"LeftOpDesc\">Yes<\/span> Is <span class=\"OpDesc\">Selected<\/span> "},"Type":"If"},"Type":"BooleanExpression"},"Flow":[{"Type":"BlockRandomizer","FlowID":"FL_16","SubSet":1,"EvenPresentation":true,"Flow":[{"Type":"Block","ID":"BL_9WQB2wVKr5myvw8","FlowID":"FL_17"}]},{"Type":"Standard","ID":"BL_9oGyuxwe5NiAR5b","FlowID":"FL_52"},{"Type":"Standard","ID":"BL_0C9Xwg9B6JqgcWE","FlowID":"FL_42"},{"Type":"WebService","FlowID":"FL_43","URL":"http:\/\/reporting.qualtrics.com\/projects\/randomNumGen.php","RequestParams":[{"key":"min","value":"1000000"},{"key":"max","value":"9999999"}],"ResponseMap":[{"key":"random","value":"random"}]},{"Type":"Block","ID":"BL_1H73fhxWCIrX8sA","FlowID":"FL_51"}]},{"Type":"EndSurvey","FlowID":"FL_50"}],"Properties":{"Count":52}}},{"SurveyID":"SV_cZo50KJvJumosDz","Element":"SO","PrimaryAttribute":"Survey Options","SecondaryAttribute":null,"TertiaryAttribute":null,"Payload":{"BackButton":"false","SaveAndContinue":"true","SurveyProtection":"PublicSurvey","BallotBoxStuffingPrevention":"true","SurveyExpiration":null,"SurveyTermination":"DisplayMessage","Header":"","Footer":"","ProgressBarDisplay":"None","PartialData":"+1 week","PreviousButton":"  <<  ","NextButton":"  >>  ","SkinLibrary":"Qualtrics","SkinType":"MQ","Skin":"Business","ShowExportTags":"false","PasswordProtection":"No","Password":"","RefererCheck":"No","RefererURL":"http:\/\/","EOSMessageLibrary":"UR_4U53s07cvZalUrO","EOSMessage":"MS_0p5fsICsCNPyu3i","EOSRedirectURL":"http:\/\/","EmailThankYou":"false","ThankYouEmailMessageLibrary":null,"ThankYouEmailMessage":null,"InactiveSurvey":"DefaultMessage","InactiveMessageLibrary":"","InactiveMessage":"","AvailableLanguages":{"EN":[]},"ValidationMessage":null,"ValidationMessageLibrary":null,"SurveyTitle":"Survey | Qualtrics Survey Software","SurveyMetaDescription":"Survey Software, Enterprise Survey software for enterprise feedback management and CRM solutions.  Enables high-quality data collection, panel management and results analysis. Perfect for market research or CRM solution (Customer Relationship Management) integration.  Free trial and consultation.","AnonymizeResponse":"No","NoIndex":"No","OneCompletePerIP":"false","ValidateMessage":"false","SkinQuestionWidth":700,"SurveyCreationDate":"2012-12-28 10:39:48","NewScoring":1,"CollectGeoLocation":"false","ProtectSelectionIds":true}},{"SurveyID":"SV_cZo50KJvJumosDz","Element":"SCO","PrimaryAttribute":"Scoring","SecondaryAttribute":null,"TertiaryAttribute":null,"Payload":{"ScoringCategories":[],"ScoringCategoryGroups":[],"ScoringSummaryCategory":null,"ScoringSummaryAfterQuestions":false,"ScoringSummaryAfterSurvey":false,"NextCategoryId":1,"NextGroupId":1,"DefaultScoringCategory":null,"ID":"Scoring"}},{"SurveyID":"SV_cZo50KJvJumosDz","Element":"STAT","PrimaryAttribute":"Survey Statistics","SecondaryAttribute":null,"TertiaryAttribute":null,"Payload":{"MobileCompatible":true,"ID":"Survey Statistics"}},{"SurveyID":"SV_cZo50KJvJumosDz","Element":"PROJ","PrimaryAttribute":"CORE","SecondaryAttribute":"1.0.0","TertiaryAttribute":null,"Payload":null},{"SurveyID":"SV_cZo50KJvJumosDz","Element":"QC","PrimaryAttribute":"Survey Question Count","SecondaryAttribute":"92","TertiaryAttribute":null,"Payload":null},{"SurveyID":"SV_cZo50KJvJumosDz","Element":"SQ","PrimaryAttribute":"QID81","SecondaryAttribute":"Amy hasn't yet found Diana or Ed, but in fact Bert was right\n about both of them. Both Diana and Ed ","TertiaryAttribute":null,"Payload":{"QuestionText":"<p><span id=\"docs-internal-guid-49023802-23d6-e860-eca5-a3495b5fa475\"><span style=\"font-size: 15px; font-family: Arial; color: rgb(0, 0, 0); background-color: transparent; vertical-align: baseline; white-space: pre-wrap;\">Amy hasn&#39;t yet found Diana or Ed, but in fact Bert was right about both of them. Both Diana and Ed have the kind of adapter Amy needs.<\/span><\/span><\/p>\n\n<p>&nbsp;<\/p>","DefaultChoices":false,"DataExportTag":"1allTrue","QuestionType":"DB","Selector":"TB","Configuration":{"QuestionDescriptionOption":"UseText"},"QuestionDescription":"Amy hasn't yet found Diana or Ed, but in fact Bert was right\n about both of them. Both Diana and Ed have the kind of adapter\n Amy needs.\n\n \u00a0","ChoiceOrder":[],"Validation":{"Settings":{"Type":"None"}},"GradingData":[],"Language":[],"QuestionID":"QID81"}},{"SurveyID":"SV_cZo50KJvJumosDz","Element":"SQ","PrimaryAttribute":"QID92","SecondaryAttribute":"Amy hasn't yet found Diana or Ed, but in fact Bert was right\n about both of them. Both Diana and...","TertiaryAttribute":null,"Payload":{"QuestionText":"<p dir=\"ltr\" style=\"line-height:1.15;margin-top:0pt;margin-bottom:0pt;\"><span id=\"docs-internal-guid-001feec3-29c1-d0e0-6dd3-67425f8ca159\"><span style=\"font-size: 15px; font-family: Arial; color: rgb(0, 0, 0); vertical-align: baseline; white-space: pre-wrap; background-color: transparent;\">Amy hasn't yet found Diana or Ed, but in fact Bert was right about both of them. Both Diana and Ed have the kind of adapter Amy needs. Florence, who works just down the hall, also has the adapter Amy needs, although neither Amy nor Ed knows this.<\/span><\/span><\/p>","DefaultChoices":false,"DataExportTag":"1MentSome","QuestionType":"DB","Selector":"TB","Configuration":{"QuestionDescriptionOption":"UseText"},"QuestionDescription":"Amy hasn't yet found Diana or Ed, but in fact Bert was right\n about both of them. Both Diana and...","ChoiceOrder":[],"Validation":{"Settings":{"Type":"None"}},"GradingData":[],"Language":[],"QuestionID":"QID92"}},{"SurveyID":"SV_cZo50KJvJumosDz","Element":"SQ","PrimaryAttribute":"QID83","SecondaryAttribute":"Amy hasn't yet found Diana or Ed, but in fact Bert was right\n about Diana, and completely wrong abou","TertiaryAttribute":null,"Payload":{"QuestionText":"<p dir=\"ltr\" style=\"line-height:1.15;margin-top:0pt;margin-bottom:0pt;\"><span id=\"docs-internal-guid-49023802-23d7-82b7-f19f-daf8f203562b\"><span style=\"font-size: 15px; font-family: Arial; color: rgb(0, 0, 0); background-color: transparent; vertical-align: baseline; white-space: pre-wrap;\">Amy hasn't yet found Diana or Ed, but in fact Bert was right about Diana, and completely wrong about Ed, who actually doesn't have the kind of adapter Amy needs.<\/span><\/span><\/p>\n\n<p dir=\"ltr\" style=\"line-height:1.15;margin-top:0pt;margin-bottom:0pt;\">&nbsp;<\/p>","DefaultChoices":false,"DataExportTag":"1Mixed","QuestionType":"DB","Selector":"TB","Configuration":{"QuestionDescriptionOption":"UseText"},"QuestionDescription":"Amy hasn't yet found Diana or Ed, but in fact Bert was right\n about Diana, and completely wrong about Ed, who actually doesn't\n have the kind of adapter Amy needs.\n\n \u00a0","ChoiceOrder":[],"Validation":{"Settings":{"Type":"None"}},"GradingData":[],"Language":[],"QuestionID":"QID83"}},{"SurveyID":"SV_cZo50KJvJumosDz","Element":"SQ","PrimaryAttribute":"QID84","SecondaryAttribute":"Amy hasn't yet found Diana or Ed, but in fact Bert was wrong\n about both of them. Neither Diana nor ","TertiaryAttribute":null,"Payload":{"QuestionText":"<p dir=\"ltr\" style=\"line-height:1.15;margin-top:0pt;margin-bottom:0pt;\"><span id=\"docs-internal-guid-49023802-23d8-12c8-82f1-adfc16f4fe4d\"><span style=\"font-size: 15px; font-family: Arial; color: rgb(0, 0, 0); background-color: transparent; vertical-align: baseline; white-space: pre-wrap;\">Amy hasn&#39;t yet found Diana or Ed, but in fact Bert was wrong about both of them. Neither Diana nor Ed actually have the kind of adapter Amy needs.<\/span><\/span><\/p>\n\n<p dir=\"ltr\" style=\"line-height:1.15;margin-top:0pt;margin-bottom:0pt;\">&nbsp;<\/p>","DefaultChoices":false,"DataExportTag":"1allFalse","QuestionType":"DB","Selector":"TB","Configuration":{"QuestionDescriptionOption":"UseText"},"QuestionDescription":"Amy hasn't yet found Diana or Ed, but in fact Bert was wrong\n about both of them. Neither Diana nor Ed actually have the kind\n of adapter Amy needs.\n\n \u00a0","ChoiceOrder":[],"Validation":{"Settings":{"Type":"None"}},"GradingData":[],"Language":[],"QuestionID":"QID84"}},{"SurveyID":"SV_cZo50KJvJumosDz","Element":"SQ","PrimaryAttribute":"QID69","SecondaryAttribute":"\u00a0\n\n \u00a0\nNow please tell us whether you agree\nor disagree with the following statement.\n \u00a0\n \n Amy kn","TertiaryAttribute":null,"Payload":{"QuestionText":"<div>&nbsp;<\/div>\n\n<div>&nbsp;<\/div>\n<span style=\"font-size:16px;\">Now please tell us whether you agree or disagree with the following statement.<\/span>\n\n<div>&nbsp;\n<ul>\n\t<li><strong><span style=\"font-size:16px;\">Amy knows who can lend her an adapter.<\/span><\/strong><\/li>\n<\/ul>\n\n<div>&nbsp;<\/div>\n<\/div>","DefaultChoices":false,"DataExportTag":"1knowDV","QuestionType":"MC","Selector":"SAHR","SubSelector":"TX","Configuration":{"QuestionDescriptionOption":"UseText","LabelPosition":"BELOW"},"QuestionDescription":"\u00a0\n\n \u00a0\nNow please tell us whether you agree\nor disagree with the following statement.\n \u00a0\n \n Amy knows who can lend\n her an adapter.\n \n \n \u00a0","Choices":{"1":{"Display":"Completely <\/br> disagree"},"2":{"Display":"&nbsp;"},"3":{"Display":"&nbsp;"},"4":{"Display":"Neither agree <br> nor disagree"},"5":{"Display":"&nbsp;"},"6":{"Display":"&nbsp;"},"7":{"Display":"Completely <\/br> agree"}},"ChoiceOrder":[1,2,3,4,5,6,7],"Validation":{"Settings":{"ForceResponse":"ON","ForceResponseType":"ON","Type":"None"}},"GradingData":[],"Language":[],"QuestionID":"QID69"}},{"SurveyID":"SV_cZo50KJvJumosDz","Element":"RS","PrimaryAttribute":"RS_78pvnfhGMJ9KhbT","SecondaryAttribute":"Default Response Set","TertiaryAttribute":null,"Payload":null},{"SurveyID":"SV_cZo50KJvJumosDz","Element":"SQ","PrimaryAttribute":"QID51","SecondaryAttribute":"In this part of the experiment, we'd like you to answer a series of background questions. \n\t \n(...","TertiaryAttribute":null,"Payload":{"QuestionText":"<div>\n\t&nbsp;<\/div>\n<meta charset=\"utf-8\">\n<div>\n\t<span style=\"font-size:16px;\">In this part of the experiment, we'd like you to answer a series of background questions.<\/span><br>\n\t&nbsp;<\/div>\n<div>(Your answers to these questions are very helpful, and are for research purposes only.&nbsp;Remember that your responses are entirely anonymous. If you feel uncomfortable with a&nbsp;question in this section, you can leave the question blank.)<\/div>\n<div>\n\t&nbsp;<\/div>","DataExportTag":"DemoInstr","QuestionType":"MC","Selector":"SAVR","SubSelector":"TX","Configuration":{"QuestionDescriptionOption":"UseText"},"QuestionDescription":"In this part of the experiment, we'd like you to answer a series of background questions. \n\t \n(...","Choices":[],"ChoiceOrder":[],"Validation":{"Settings":{"ForceResponse":"OFF","ForceResponseType":"ON"}},"Language":[],"QuestionID":"QID51"}},{"SurveyID":"SV_cZo50KJvJumosDz","Element":"SQ","PrimaryAttribute":"QID80","SecondaryAttribute":"Is English your native language?","TertiaryAttribute":null,"Payload":{"QuestionText":"Is English your native language?","DefaultChoices":false,"DataExportTag":"Lang","QuestionType":"MC","Selector":"SAVR","SubSelector":"TX","Configuration":{"QuestionDescriptionOption":"UseText"},"QuestionDescription":"Is English your native language?","Choices":{"21":{"Display":"Yes"},"22":{"Display":"No"}},"ChoiceOrder":["21","22"],"Validation":{"Settings":{"ForceResponse":"OFF","ForceResponseType":"ON","Type":"None"}},"GradingData":[],"Language":[],"QuestionID":"QID80"}},{"SurveyID":"SV_cZo50KJvJumosDz","Element":"SQ","PrimaryAttribute":"QID63","SecondaryAttribute":"Please copy and paste this code into the box on mturk: ${e:\/\/Field\/random}\n\n\t \n\n\tYou must click next","TertiaryAttribute":null,"Payload":{"QuestionText":"<span style=\"font-size:16px;\">Please copy and paste this code into the box on mturk:&nbsp;<\/span> ${e:\/\/Field\/random}\n<div>\n\t&nbsp;<\/div>\n<div>\n\t<strong><span style=\"font-size:16px;\">You must click next to complete the survey!<\/span><\/strong><br \/>\n\t<div>\n\t\t&nbsp;<\/div>\n\t<div>\n\t\t<span style=\"font-size:16px;\">Thanks for your time.<\/span><\/div>\n<\/div>\n","DataExportTag":"Code","QuestionType":"MC","Selector":"SAVR","SubSelector":"TX","Configuration":{"QuestionDescriptionOption":"UseText"},"QuestionDescription":"Please copy and paste this code into the box on mturk: ${e:\/\/Field\/random}\n\n\t \n\n\tYou must click next...","Choices":[],"ChoiceOrder":[],"Validation":{"Settings":{"ForceResponse":"OFF","ForceResponseType":"ON","Type":"None"}},"Language":[],"QuestionID":"QID63"}},{"SurveyID":"SV_cZo50KJvJumosDz","Element":"SQ","PrimaryAttribute":"QID55","SecondaryAttribute":"Please indicate the highest level of education completed.","TertiaryAttribute":null,"Payload":{"QuestionText":"Please indicate the highest level of education completed.","DataExportTag":"Education","QuestionType":"MC","Selector":"SAVR","SubSelector":"TX","Configuration":{"QuestionDescriptionOption":"UseText"},"QuestionDescription":"Please indicate the highest level of education completed.","Choices":{"1":{"Display":"Grammar School"},"2":{"Display":"High School or equivalent"},"3":{"Display":"Vocational\/Technical School (2 year)"},"4":{"Display":"Some College"},"5":{"Display":"College Graduate (4 year)"},"6":{"Display":"Master's Degree (MS)"},"7":{"Display":"Doctoral Degree (PhD)"},"8":{"Display":"Professional Degree (MD, JD, etc.)"},"9":{"Display":"Other"}},"ChoiceOrder":["1","2","3","4","5","6","7","8","9"],"Randomization":{"Type":"None"},"Validation":{"Settings":{"ForceResponseType":"ON"}},"VariableNaming":{"1":"Grammar School","2":"High School or equivalent","3":"Vocational\/Technical School (2 year)","4":"Some College","5":"College Graduate (4 year)","6":"Master's Degree (MS)","7":"Doctoral Degree (PhD)","8":"Professional Degree (MD, JD, etc.)","9":"Other"},"Language":[],"QuestionID":"QID55"}},{"SurveyID":"SV_cZo50KJvJumosDz","Element":"SQ","PrimaryAttribute":"QID3","SecondaryAttribute":"Please read the following\nstory carefully. You will be asked about it again at the end of the\nstu...","TertiaryAttribute":null,"Payload":{"QuestionText":"<span style=\"font-size:16px;\"><strong>Please read the following story carefully. You will be asked about it again at the end of the study.&nbsp;<\/strong><\/span>\n<div>&nbsp;<\/div>\n\n<div>\n<div>\n<p>&nbsp;<\/p>\n\n<p dir=\"ltr\" style=\"line-height:1.15;margin-top:0pt;margin-bottom:0pt;\"><span id=\"docs-internal-guid-49023802-23cf-b1b8-54e0-393494305e2b\"><span style=\"font-size: 15px; font-family: Arial; color: rgb(0, 0, 0); background-color: transparent; vertical-align: baseline; white-space: pre-wrap;\">Amy needs to give a presentation this afternoon, but she doesn\u2019t have the adapter she needs to connect her laptop to the projector in the conference room. Amy realizes that she'll need to borrow a MiniDisplayPort adapter from someone else in her department. She talks to her friend Bert, since she trusts him. Bert works in the cubicle right beside Amy. While he doesn\u2019t have the right adapter, he tells Amy that he is certain that both Diana and Ed have the kind of adapter that Amy needs.<\/span><\/span><\/p>\n<\/div>\n<\/div>","DataExportTag":"1vign","QuestionType":"MC","Selector":"SAVR","SubSelector":"TX","Configuration":{"QuestionDescriptionOption":"UseText"},"QuestionDescription":"Please read the following\nstory carefully. You will be asked about it again at the end of the\nstu...","Choices":[],"Validation":{"Settings":{"ForceResponseType":"ON","Type":"None"}},"GradingData":[],"Language":[],"QuestionID":"QID3","ChoiceOrder":[],"QuestionJS":false}},{"SurveyID":"SV_cZo50KJvJumosDz","Element":"SQ","PrimaryAttribute":"QID14","SecondaryAttribute":"Research Informed Consent\n \n \n \u00a0\n \n \n \n \n Joshua Knobe\n \n \n \u00a0\n \n \n Purpose:\n \n \n We are conducting","TertiaryAttribute":null,"Payload":{"QuestionText":"<div style=\"font-family: Arial, Verdana, sans-serif; font-size: 12px; color: rgb(34, 34, 34); background-color: rgb(255, 255, 255); \">\n <p class=\"MsoTitle\">\n  Research Informed Consent<\/p>\n <p align=\"center\" class=\"MsoNormal\" style=\"text-align: center; \">\n  <o:p>&nbsp;<\/o:p><\/p>\n <p align=\"center\" class=\"MsoNormal\" style=\"text-align: center; \"><\/p>\n <p align=\"center\" class=\"MsoNormal\" style=\"text-align: center; \">\n  Joshua Knobe<\/p>\n <p class=\"MsoNormal\">\n  <o:p>&nbsp;<\/o:p><\/p>\n <p class=\"MsoNormal\">\n  <b>Purpose:<o:p><\/o:p><\/b><\/p>\n <p class=\"MsoNormal\">\n  We are conducting a research study to examine people\u2019s ordinary intuitions.<i><u><o:p><\/o:p><\/u><\/i><\/p>\n <p class=\"MsoNormal\">\n  <o:p>&nbsp;<\/o:p><\/p>\n <p class=\"MsoNormal\">\n  <b>Procedures:<o:p><\/o:p><\/b><\/p>\n <p class=\"MsoNormal\">\n  Participation in this study will involve filling out a brief questionnaire.<span>&nbsp;&nbsp;<\/span><em><strong>We anticipate that your involvement will require approximately five minutes.<\/strong><\/em><span>&nbsp;&nbsp;<\/span>You will be compensated financially for participating. Participants must be at least 18 years of age to participate.<i><u><o:p><\/o:p><\/u><\/i><\/p>\n <p class=\"MsoNormal\">\n  <o:p>&nbsp;<\/o:p><\/p>\n <p class=\"MsoNormal\">\n  <b>Risks and Benefits:<o:p><\/o:p><\/b><\/p>\n <p class=\"MsoNormal\">\n  You will be paid for participation through Amazon's Mechanical Turk. Further, we hope that our results will add to scientific knowledge about people\u2019s ordinary social intuitions.<i><u><o:p><\/o:p><\/u><\/i><\/p>\n <p class=\"MsoNormal\">\n  <o:p>&nbsp;<\/o:p><\/p>\n <p class=\"MsoNormal\">\n  <b>Confidentiality:<\/b><\/p>\n <p class=\"MsoNormal\">\n  All of your responses will be anonymous. Only the researchers involved in this study and those responsible for research oversight will have access to the information you provide.<span>&nbsp;<\/span><\/p>\n <p class=\"MsoNormal\">\n  <o:p>&nbsp;<\/o:p><\/p>\n <p class=\"MsoNormal\">\n  <b>Voluntary Participation:<\/b><\/p>\n <p class=\"MsoNormal\">\n  Participation in this study is completely voluntary.<span>&nbsp;&nbsp;<\/span>You are free to decline to participate, to end participation at any time for any reason, or to refuse to answer any individual question without penalty.<\/p>\n <p class=\"MsoNormal\">\n  <o:p>&nbsp;<\/o:p><\/p>\n <p class=\"MsoNormal\">\n  <b>Questions:<\/b><\/p>\n <p class=\"MsoNormal\">\n  If you have any questions about this study, you may contact the investigator, Joshua Knobe at joshua.knobe@yale.edu.<\/p>\n <p class=\"MsoNormal\">\n  If you would like to talk with someone other than the researchers to discuss problems or concerns, to discuss situations in the event that a member of the research team is not available, or to discuss your rights as a research participant, you may contact the Yale University Human Subjects Committee, Box 208252, New Haven, CT<span>&nbsp;&nbsp;<\/span>06520-8252, 203-436-3650,&nbsp;<a href=\"mailto:human.subjects@yale.edu\">human.subjects@yale.edu<\/a>. Additional information is available at<a href=\"http:\/\/www.yale.edu\/hsc\/Subject\/subjectsrights.htm\">http:\/\/www.yale.edu\/hsc\/Subject\/subjectsrights.htm<\/a><\/p>\n <p class=\"MsoNormal\">\n  &nbsp;<\/p>\n <p class=\"MsoNormal\">\n  &nbsp;<\/p>\n <p class=\"MsoNormal\">\n  &nbsp;<\/p>\n <p class=\"MsoNormal\">\n  <o:p><em><strong><span style=\"font-size: 16px; \">&nbsp;Do you voluntarily consent to participate in this study?<\/span><\/strong><\/em><\/o:p><\/p>\n<\/div>","DataExportTag":"Consent","QuestionType":"MC","Selector":"SAVR","SubSelector":"TX","Configuration":{"QuestionDescriptionOption":"UseText"},"QuestionDescription":"Research Informed Consent\n \n \n \u00a0\n \n \n \n \n Joshua Knobe\n \n \n \u00a0\n \n \n Purpose:\n \n \n We are conducting a research study to examine people\u2019s ordinary\n intuitions.\n \n \n \u00a0\n \n \n Procedures:\n \n \n Participat...","Choices":{"1":{"Display":"Yes"},"2":{"Display":"No"}},"Validation":{"Settings":{"ForceResponseType":"ON","Type":"None"}},"Language":[],"QuestionID":"QID14","ChoiceOrder":["1","2"]}},{"SurveyID":"SV_cZo50KJvJumosDz","Element":"SQ","PrimaryAttribute":"QID56","SecondaryAttribute":"Think of this ladder as representing where people stand in the United States. At the top of the ladd","TertiaryAttribute":null,"Payload":{"QuestionText":"Think of this ladder as representing where people stand in the United States. At the top of the ladder are the people who have the most money, most education, and most respected jobs. At the bottom are the people who have the least money, least education, and least respected jobs or no job. The higher up you are on this ladder, the closer you are to the people at the very top, and the lower you are, the closer you are to the people at the very bottom.<div><br>\n<img src=\"https:\/\/yale.qualtrics.com\/CP\/Graphic.php?IM=IM_0SONYA8Aes5ati4\"><br>\n<meta charset=\"utf-8\">\n<br>\n<strong><em>Where would you place yourself on this ladder? Please select the rung where you think you stand at this time in your life, relative to other people in the United States.<\/em><\/strong><\/div>","DataExportTag":"SES","QuestionType":"MC","Selector":"SAVR","SubSelector":"TX","Configuration":{"QuestionDescriptionOption":"UseText"},"QuestionDescription":"Think of this ladder as representing where people stand in the United States. At the top of the ladd...","Choices":{"1":{"Display":"Rung 10 (Top Rung)"},"2":{"Display":"Rung 9"},"3":{"Display":"Rung 8"},"4":{"Display":"Rung 7"},"5":{"Display":"Rung 6"},"6":{"Display":"Rung 5"},"7":{"Display":"Rung 4"},"8":{"Display":"Rung 3"},"9":{"Display":"Rung 2"},"10":{"Display":"Rung 1 (Bottom Rung)"}},"ChoiceOrder":[1,2,3,4,5,6,7,8,9,10],"Validation":{"Settings":{"ForceResponse":"OFF","ForceResponseType":"ON"}},"Language":[],"QuestionID":"QID56"}},{"SurveyID":"SV_cZo50KJvJumosDz","Element":"SQ","PrimaryAttribute":"QID70","SecondaryAttribute":"Timing","TertiaryAttribute":null,"Payload":{"QuestionText":"Timing","DefaultChoices":false,"DataExportTag":"1time","QuestionType":"Timing","Selector":"PageTimer","Configuration":{"QuestionDescriptionOption":"UseText","MinSeconds":"0","MaxSeconds":"0"},"QuestionDescription":"Timing","Choices":{"1":{"Display":"First Click"},"2":{"Display":"Last Click"},"3":{"Display":"Page Submit"},"4":{"Display":"Click Count"}},"ChoiceOrder":["1","2","3"],"GradingData":[],"Language":[],"QuestionID":"QID70"}},{"SurveyID":"SV_cZo50KJvJumosDz","Element":"SQ","PrimaryAttribute":"QID52","SecondaryAttribute":"What is your age?\n\n\t ","TertiaryAttribute":null,"Payload":{"QuestionText":"<div>\n\tWhat is your age?<\/div>\n<div>\n\t&nbsp;<\/div>","DataExportTag":"Age","QuestionType":"TE","Selector":"SL","Configuration":{"QuestionDescriptionOption":"UseText"},"QuestionDescription":"What is your age?\n\n\t ","Choices":{"1":{"Display":"Click to write Choice 1"},"2":{"Display":"Click to write Choice 2"},"3":{"Display":"Click to write Choice 3"}},"ChoiceOrder":["1","2","3"],"Validation":{"Settings":{"ForceResponse":"OFF","ForceResponseType":"ON","Type":"None"}},"GradingData":[],"Language":[],"QuestionID":"QID52"}},{"SurveyID":"SV_cZo50KJvJumosDz","Element":"SQ","PrimaryAttribute":"QID54","SecondaryAttribute":"What is your ethnicity?","TertiaryAttribute":null,"Payload":{"QuestionText":"<div>\n\tWhat is your ethnicity?<\/div>","DefaultChoices":false,"DataExportTag":"Ethnicity","QuestionType":"MC","Selector":"MACOL","SubSelector":"TX","Configuration":{"QuestionDescriptionOption":"UseText","NumColumns":2},"QuestionDescription":"What is your ethnicity?","Choices":{"1":{"Display":"Black \/ African American"},"2":{"Display":"Hispanic \/ Latino"},"3":{"Display":"Asian \/ Pacific Islander"},"4":{"Display":"Native American \/ American Indian"},"5":{"Display":"White \/ Caucasian"},"6":{"Display":"Other","TextEntry":"true"}},"ChoiceOrder":["1","2","3","4","5","6"],"Validation":{"Settings":{"ForceResponse":"OFF","ForceResponseType":"ON","Type":"None"}},"GradingData":[],"Language":[],"QuestionID":"QID54"}},{"SurveyID":"SV_cZo50KJvJumosDz","Element":"SQ","PrimaryAttribute":"QID53","SecondaryAttribute":"What is your gender?\n\n\t\u00a0","TertiaryAttribute":null,"Payload":{"QuestionText":"<div>\n\tWhat is your gender?<\/div>\n<div>\n\t&nbsp;<\/div>","DataExportTag":"Gender","QuestionType":"MC","Selector":"SAVR","SubSelector":"TX","Configuration":{"QuestionDescriptionOption":"UseText"},"QuestionDescription":"What is your gender?\n\n\t\u00a0","Choices":{"1":{"Display":"Male"},"2":{"Display":"Female"},"3":{"Display":"Prefer not to answer \/ Other","TextEntry":"true"}},"ChoiceOrder":[1,2,3],"Validation":{"Settings":{"ForceResponse":"OFF","ForceResponseType":"ON"}},"Language":[],"QuestionID":"QID53"}},{"SurveyID":"SV_cZo50KJvJumosDz","Element":"SQ","PrimaryAttribute":"QID91","SecondaryAttribute":"Which of the following people have\nthe adapter that Amy needs to connect her laptop to the projector","TertiaryAttribute":null,"Payload":{"QuestionText":"<span style=\"font-size:16px;\">Which of the following people have the adapter that Amy needs to connect her laptop to the projector in the conference room?<\/span>","DataExportTag":"Control","QuestionType":"MC","Selector":"MAVR","SubSelector":"TX","Configuration":{"QuestionDescriptionOption":"UseText"},"QuestionDescription":"Which of the following people have\nthe adapter that Amy needs to connect her laptop to the projector\nin the conference room?","Choices":{"1":{"Display":"Diana"},"2":{"Display":"Ed"},"3":{"Display":"Neither of them"}},"ChoiceOrder":["1","2","3"],"Validation":{"Settings":{"ForceResponse":"OFF","ForceResponseType":"ON","Type":"None"}},"Language":[],"QuestionID":"QID91"}}]}