{"SurveyEntry":{"SurveyID":"SV_6Y9GIVNo5irzOlL","SurveyName":"Phillips and George Study 5 - how","SurveyDescription":"Knowledge_wh study 1","SurveyOwnerID":"UR_4U53s07cvZalUrO","SurveyBrandID":"yale","DivisionID":null,"SurveyLanguage":"EN","SurveyActiveResponseSet":"RS_bgcKFNHXFJfndtj","SurveyStatus":"Inactive","SurveyStartDate":"0000-00-00 00:00:00","SurveyExpirationDate":"0000-00-00 00:00:00","SurveyCreationDate":"2018-05-15 19:46:56","CreatorID":"UR_4U53s07cvZalUrO","LastModified":"2018-05-15 19:46:56","LastAccessed":"0000-00-00 00:00:00","LastActivated":"0000-00-00 00:00:00","Deleted":null},"SurveyElements":[{"SurveyID":"SV_6Y9GIVNo5irzOlL","Element":"BL","PrimaryAttribute":"Survey Blocks","SecondaryAttribute":null,"TertiaryAttribute":null,"Payload":{"0":{"Type":"Default","Description":"Version 1","ID":"BL_9WQB2wVKr5myvw8","BlockElements":[{"Type":"Question","QuestionID":"QID3"},{"Type":"Question","QuestionID":"QID81"},{"Type":"Question","QuestionID":"QID83"},{"Type":"Question","QuestionID":"QID84"},{"Type":"Question","QuestionID":"QID69"},{"Type":"Question","QuestionID":"QID70"}],"Options":{"BlockLocking":"false","Looping":"None","RandomizeQuestions":"Advanced","LoopingOptions":null,"Randomization":{"EvenPresentation":true,"Advanced":{"FixedOrder":["QID3","{~SubSet~}","QID69","QID70"],"RandomizeAll":[],"RandomSubSet":["QID81","QID83","QID84"],"Undisplayed":[],"TotalRandSubset":1,"QuestionsPerPage":0}}}},"1":{"Type":"Trash","Description":"Trash \/ Unused Questions","ID":"BL_aVnGieXh2oxfxDC","BlockElements":[]},"5":{"Type":"Standard","Description":"Consent","ID":"BL_cOKR2ORGYOY47pG","BlockElements":[{"Type":"Question","QuestionID":"QID14"}]},"7":{"Type":"Standard","Description":"Demographics and Controls","ID":"BL_0C9Xwg9B6JqgcWE","BlockElements":[{"Type":"Question","QuestionID":"QID51"},{"Type":"Question","QuestionID":"QID80"},{"Type":"Question","QuestionID":"QID52"},{"Type":"Question","QuestionID":"QID53"},{"Type":"Question","QuestionID":"QID54"},{"Type":"Question","QuestionID":"QID55"},{"Type":"Question","QuestionID":"QID56"}]},"8":{"Type":"Standard","Description":"code","ID":"BL_1H73fhxWCIrX8sA","BlockElements":[{"Type":"Question","QuestionID":"QID63"}]},"9":{"Type":"Standard","Description":"Version 2","ID":"BL_5c2IkmUl5Lm8Lel","BlockElements":[{"Type":"Question","QuestionID":"QID85"},{"Type":"Question","QuestionID":"QID86"},{"Type":"Question","QuestionID":"QID87"},{"Type":"Question","QuestionID":"QID88"},{"Type":"Question","QuestionID":"QID89"},{"Type":"Question","QuestionID":"QID90"}],"Options":{"BlockLocking":false,"Looping":"None","RandomizeQuestions":"Advanced","LoopingOptions":null,"Randomization":{"Advanced":{"FixedOrder":["QID85","{~SubSet~}","QID89","QID90"],"RandomizeAll":[],"RandomSubSet":["QID86","QID87","QID88"],"Undisplayed":[],"TotalRandSubset":1,"QuestionsPerPage":0},"EvenPresentation":true}}}}},{"SurveyID":"SV_6Y9GIVNo5irzOlL","Element":"BR","PrimaryAttribute":"FL_16","SecondaryAttribute":null,"TertiaryAttribute":null,"Payload":{"FL_49":0,"FL_17":0}},{"SurveyID":"SV_6Y9GIVNo5irzOlL","Element":"BR","PrimaryAttribute":"BL_5c2IkmUl5Lm8Lel","SecondaryAttribute":null,"TertiaryAttribute":null,"Payload":{"QID85":0,"QID88":0,"QID89":0,"QID90":0,"QID87":0,"QID86":0}},{"SurveyID":"SV_6Y9GIVNo5irzOlL","Element":"BR","PrimaryAttribute":"BL_9WQB2wVKr5myvw8","SecondaryAttribute":null,"TertiaryAttribute":null,"Payload":{"QID3":0,"QID69":0,"QID70":0,"QID83":0,"QID84":0,"QID81":0}},{"SurveyID":"SV_6Y9GIVNo5irzOlL","Element":"FL","PrimaryAttribute":"Survey Flow","SecondaryAttribute":null,"TertiaryAttribute":null,"Payload":{"Type":"Root","FlowID":"FL_1","Flow":[{"Type":"Standard","ID":"BL_cOKR2ORGYOY47pG","FlowID":"FL_13"},{"Type":"Branch","FlowID":"FL_23","Description":"New Branch","BranchLogic":{"0":{"0":{"LogicType":"Question","QuestionID":"QID14","ChoiceLocator":"q:\/\/QID14\/SelectableChoice\/2","Operator":"Selected","QuestionIDFromLocator":"QID14","LeftOperand":"q:\/\/QID14\/SelectableChoice\/2","Type":"Expression","Description":"<span class=\"ConjDesc\">If<\/span> <span class=\"QuestionDesc\">\n\tResearch Informed Consent\n\n\t&lt;o:p&gt;&amp;nbsp;&lt;\/o:p&gt;\n\n\tIntuiti...<\/span> <span class=\"LeftOpDesc\">No<\/span> Is <span class=\"OpDesc\">Selected<\/span> "},"Type":"If"},"Type":"BooleanExpression"},"Flow":[{"Type":"EndSurvey","FlowID":"FL_40"}]},{"Type":"Branch","FlowID":"FL_15","Description":"New Branch","BranchLogic":{"0":{"0":{"LogicType":"Question","QuestionID":"QID14","ChoiceLocator":"q:\/\/QID14\/SelectableChoice\/1","Operator":"Selected","QuestionIDFromLocator":"QID14","LeftOperand":"q:\/\/QID14\/SelectableChoice\/1","Type":"Expression","Description":"<span class=\"ConjDesc\">If<\/span> <span class=\"QuestionDesc\">\n\tResearch Informed Consent\n\n\t&lt;o:p&gt;&amp;nbsp;&lt;\/o:p&gt;\n\n\tIntuiti...<\/span> <span class=\"LeftOpDesc\">Yes<\/span> Is <span class=\"OpDesc\">Selected<\/span> "},"Type":"If"},"Type":"BooleanExpression"},"Flow":[{"Type":"BlockRandomizer","FlowID":"FL_16","SubSet":1,"EvenPresentation":true,"Flow":[{"Type":"Block","ID":"BL_9WQB2wVKr5myvw8","FlowID":"FL_17"},{"Type":"Standard","ID":"BL_5c2IkmUl5Lm8Lel","FlowID":"FL_49"}]},{"Type":"Standard","ID":"BL_0C9Xwg9B6JqgcWE","FlowID":"FL_42"},{"Type":"WebService","FlowID":"FL_43","URL":"http:\/\/reporting.qualtrics.com\/projects\/randomNumGen.php","RequestParams":[{"key":"min","value":"1000000"},{"key":"max","value":"9999999"}],"ResponseMap":[{"key":"random","value":"random"}]},{"Type":"Block","ID":"BL_1H73fhxWCIrX8sA","FlowID":"FL_51"}]},{"Type":"EndSurvey","FlowID":"FL_50"}],"Properties":{"Count":51}}},{"SurveyID":"SV_6Y9GIVNo5irzOlL","Element":"SO","PrimaryAttribute":"Survey Options","SecondaryAttribute":null,"TertiaryAttribute":null,"Payload":{"BackButton":"false","SaveAndContinue":"true","SurveyProtection":"PublicSurvey","BallotBoxStuffingPrevention":"true","SurveyExpiration":null,"SurveyTermination":"DisplayMessage","Header":"","Footer":"","ProgressBarDisplay":"None","PartialData":"+1 week","PreviousButton":"  <<  ","NextButton":"  >>  ","SkinLibrary":"Qualtrics","SkinType":"MQ","Skin":"Business","ShowExportTags":"false","PasswordProtection":"No","Password":"","RefererCheck":"No","RefererURL":"http:\/\/","EOSMessageLibrary":"UR_4U53s07cvZalUrO","EOSMessage":"MS_0p5fsICsCNPyu3i","EOSRedirectURL":"http:\/\/","EmailThankYou":"false","ThankYouEmailMessageLibrary":null,"ThankYouEmailMessage":null,"InactiveSurvey":"DefaultMessage","InactiveMessageLibrary":"","InactiveMessage":"","AvailableLanguages":{"EN":[]},"ValidationMessage":null,"ValidationMessageLibrary":null,"SurveyTitle":"Survey | Qualtrics Survey Software","SurveyMetaDescription":"Survey Software, Enterprise Survey software for enterprise feedback management and CRM solutions.  Enables high-quality data collection, panel management and results analysis. Perfect for market research or CRM solution (Customer Relationship Management) integration.  Free trial and consultation.","AnonymizeResponse":"No","NoIndex":"No","OneCompletePerIP":"false","ValidateMessage":"false","SkinQuestionWidth":700,"SurveyCreationDate":"2012-12-28 10:39:48","NewScoring":1,"CollectGeoLocation":"false","ProtectSelectionIds":true}},{"SurveyID":"SV_6Y9GIVNo5irzOlL","Element":"SCO","PrimaryAttribute":"Scoring","SecondaryAttribute":null,"TertiaryAttribute":null,"Payload":{"ScoringCategories":[],"ScoringCategoryGroups":[],"ScoringSummaryCategory":null,"ScoringSummaryAfterQuestions":false,"ScoringSummaryAfterSurvey":false,"NextCategoryId":1,"NextGroupId":1,"DefaultScoringCategory":null,"ID":"Scoring"}},{"SurveyID":"SV_6Y9GIVNo5irzOlL","Element":"STAT","PrimaryAttribute":"Survey Statistics","SecondaryAttribute":null,"TertiaryAttribute":null,"Payload":{"MobileCompatible":true,"ID":"Survey Statistics"}},{"SurveyID":"SV_6Y9GIVNo5irzOlL","Element":"PROJ","PrimaryAttribute":"CORE","SecondaryAttribute":"1.0.0","TertiaryAttribute":null,"Payload":null},{"SurveyID":"SV_6Y9GIVNo5irzOlL","Element":"QC","PrimaryAttribute":"Survey Question Count","SecondaryAttribute":"90","TertiaryAttribute":null,"Payload":null},{"SurveyID":"SV_6Y9GIVNo5irzOlL","Element":"RS","PrimaryAttribute":"RS_bgcKFNHXFJfndtj","SecondaryAttribute":"Default Response Set","TertiaryAttribute":null,"Payload":null},{"SurveyID":"SV_6Y9GIVNo5irzOlL","Element":"SQ","PrimaryAttribute":"QID51","SecondaryAttribute":"In this part of the experiment, we'd like you to answer a series of background questions. \n\t \n(...","TertiaryAttribute":null,"Payload":{"QuestionText":"<div>\n\t&nbsp;<\/div>\n<meta charset=\"utf-8\">\n<div>\n\t<span style=\"font-size:16px;\">In this part of the experiment, we'd like you to answer a series of background questions.<\/span><br>\n\t&nbsp;<\/div>\n<div>(Your answers to these questions are very helpful, and are for research purposes only.&nbsp;Remember that your responses are entirely anonymous. If you feel uncomfortable with a&nbsp;question in this section, you can leave the question blank.)<\/div>\n<div>\n\t&nbsp;<\/div>","DataExportTag":"DemoInstr","QuestionType":"MC","Selector":"SAVR","SubSelector":"TX","Configuration":{"QuestionDescriptionOption":"UseText"},"QuestionDescription":"In this part of the experiment, we'd like you to answer a series of background questions. \n\t \n(...","Choices":[],"ChoiceOrder":[],"Validation":{"Settings":{"ForceResponse":"OFF","ForceResponseType":"ON"}},"Language":[],"QuestionID":"QID51"}},{"SurveyID":"SV_6Y9GIVNo5irzOlL","Element":"SQ","PrimaryAttribute":"QID80","SecondaryAttribute":"Is English your native language?","TertiaryAttribute":null,"Payload":{"QuestionText":"Is English your native language?","DefaultChoices":false,"DataExportTag":"Lang","QuestionType":"MC","Selector":"SAVR","SubSelector":"TX","Configuration":{"QuestionDescriptionOption":"UseText"},"QuestionDescription":"Is English your native language?","Choices":{"21":{"Display":"Yes"},"22":{"Display":"No"}},"ChoiceOrder":["21","22"],"Validation":{"Settings":{"ForceResponse":"OFF","ForceResponseType":"ON","Type":"None"}},"GradingData":[],"Language":[],"QuestionID":"QID80"}},{"SurveyID":"SV_6Y9GIVNo5irzOlL","Element":"SQ","PrimaryAttribute":"QID69","SecondaryAttribute":"Now please tell us whether you agree or disagree with the following\nstatement.\n \n Jason knows how to","TertiaryAttribute":null,"Payload":{"QuestionText":"<div><span style=\"font-size:16px;\"><br><\/span><\/div><span style=\"font-size:16px;\"><div><span style=\"font-size:16px;\"><br><\/span><\/div>Now please tell us whether you agree or disagree with the following statement.<\/span>\n<div>\n\t<br>\n\t<ul>\n\t\t<li>\n\t\t\t<strong><span style=\"font-size:16px;\">Jason knows how to get to a hardware store.<\/span><\/strong><\/li>\n\t<\/ul><div><font class=\"Apple-style-span\" size=\"3\"><br><\/font><\/div>\n<\/div>","DefaultChoices":false,"DataExportTag":"1knowDV","QuestionType":"MC","Selector":"SAHR","SubSelector":"TX","Configuration":{"QuestionDescriptionOption":"UseText","LabelPosition":"BELOW"},"QuestionDescription":"Now please tell us whether you agree or disagree with the following\nstatement.\n \n Jason knows how to get\n to a hardware store.","Choices":{"1":{"Display":"Completely <\/br> disagree"},"2":{"Display":"&nbsp;"},"3":{"Display":"&nbsp;"},"4":{"Display":"Neither agree <br> nor disagree"},"5":{"Display":"&nbsp;"},"6":{"Display":"&nbsp;"},"7":{"Display":"Completely <\/br> agree"}},"ChoiceOrder":[1,2,3,4,5,6,7],"Validation":{"Settings":{"ForceResponse":"ON","ForceResponseType":"ON","Type":"None"}},"GradingData":[],"Language":[],"QuestionID":"QID69"}},{"SurveyID":"SV_6Y9GIVNo5irzOlL","Element":"SQ","PrimaryAttribute":"QID89","SecondaryAttribute":"Now please tell us whether you agree or disagree with the following\nstatement.\n \n Jason knows how to","TertiaryAttribute":null,"Payload":{"QuestionText":"<div><span style=\"font-size:16px;\"><br><\/span><\/div><span style=\"font-size:16px;\"><div><span style=\"font-size:16px;\"><br><\/span><\/div>Now please tell us whether you agree or disagree with the following statement.<\/span>\n<div>\n\t<br>\n\t<ul>\n\t\t<li>\n\t\t\t<strong><span style=\"font-size:16px;\">Jason knows how to get to a hardware store.<\/span><\/strong><\/li>\n\t<\/ul><div><font class=\"Apple-style-span\" size=\"3\"><br><\/font><\/div>\n<\/div>","DefaultChoices":false,"QuestionType":"MC","Selector":"SAHR","SubSelector":"TX","Configuration":{"QuestionDescriptionOption":"UseText","LabelPosition":"BELOW"},"QuestionDescription":"Now please tell us whether you agree or disagree with the following\nstatement.\n \n Jason knows how to get\n to a hardware store.","Choices":{"1":{"Display":"Completely <\/br> disagree"},"2":{"Display":"&nbsp;"},"3":{"Display":"&nbsp;"},"4":{"Display":"Neither agree <br> nor disagree"},"5":{"Display":"&nbsp;"},"6":{"Display":"&nbsp;"},"7":{"Display":"Completely <\/br> agree"}},"ChoiceOrder":[1,2,3,4,5,6,7],"Validation":{"Settings":{"ForceResponse":"ON","ForceResponseType":"ON","Type":"None"}},"GradingData":[],"Language":[],"QuestionText_Unsafe":"<div><span style=\"font-size:16px;\"><br><\/span><\/div><span style=\"font-size:16px;\"><div><span style=\"font-size:16px;\"><br><\/span><\/div>Now please tell us whether you agree or disagree with the following statement.<\/span>\n<div>\n\t<br>\n\t<ul>\n\t\t<li>\n\t\t\t<strong><span style=\"font-size:16px;\">Jason knows how to get to a hardware store.<\/span><\/strong><\/li>\n\t<\/ul><div><font class=\"Apple-style-span\" size=\"3\"><br><\/font><\/div>\n<\/div>","DataExportTag":"2knowDV","QuestionID":"QID89"}},{"SurveyID":"SV_6Y9GIVNo5irzOlL","Element":"SQ","PrimaryAttribute":"QID63","SecondaryAttribute":"Please copy and paste this code into the box on mturk: ${e:\/\/Field\/random}\n\n\t \n\n\tYou must click next","TertiaryAttribute":null,"Payload":{"QuestionText":"<span style=\"font-size:16px;\">Please copy and paste this code into the box on mturk:&nbsp;<\/span> ${e:\/\/Field\/random}\n<div>\n\t&nbsp;<\/div>\n<div>\n\t<strong><span style=\"font-size:16px;\">You must click next to complete the survey!<\/span><\/strong><br \/>\n\t<div>\n\t\t&nbsp;<\/div>\n\t<div>\n\t\t<span style=\"font-size:16px;\">Thanks for your time.<\/span><\/div>\n<\/div>\n","DataExportTag":"Code","QuestionType":"MC","Selector":"SAVR","SubSelector":"TX","Configuration":{"QuestionDescriptionOption":"UseText"},"QuestionDescription":"Please copy and paste this code into the box on mturk: ${e:\/\/Field\/random}\n\n\t \n\n\tYou must click next...","Choices":[],"ChoiceOrder":[],"Validation":{"Settings":{"ForceResponse":"OFF","ForceResponseType":"ON","Type":"None"}},"Language":[],"QuestionID":"QID63"}},{"SurveyID":"SV_6Y9GIVNo5irzOlL","Element":"SQ","PrimaryAttribute":"QID55","SecondaryAttribute":"Please indicate the highest level of education completed.","TertiaryAttribute":null,"Payload":{"QuestionText":"Please indicate the highest level of education completed.","DataExportTag":"Education","QuestionType":"MC","Selector":"SAVR","SubSelector":"TX","Configuration":{"QuestionDescriptionOption":"UseText"},"QuestionDescription":"Please indicate the highest level of education completed.","Choices":{"1":{"Display":"Grammar School"},"2":{"Display":"High School or equivalent"},"3":{"Display":"Vocational\/Technical School (2 year)"},"4":{"Display":"Some College"},"5":{"Display":"College Graduate (4 year)"},"6":{"Display":"Master's Degree (MS)"},"7":{"Display":"Doctoral Degree (PhD)"},"8":{"Display":"Professional Degree (MD, JD, etc.)"},"9":{"Display":"Other"}},"ChoiceOrder":["1","2","3","4","5","6","7","8","9"],"Randomization":{"Type":"None"},"Validation":{"Settings":{"ForceResponseType":"ON"}},"VariableNaming":{"1":"Grammar School","2":"High School or equivalent","3":"Vocational\/Technical School (2 year)","4":"Some College","5":"College Graduate (4 year)","6":"Master's Degree (MS)","7":"Doctoral Degree (PhD)","8":"Professional Degree (MD, JD, etc.)","9":"Other"},"Language":[],"QuestionID":"QID55"}},{"SurveyID":"SV_6Y9GIVNo5irzOlL","Element":"SQ","PrimaryAttribute":"QID3","SecondaryAttribute":"Please read the following\nstory carefully. You will be asked about it again at the end of the\nstu...","TertiaryAttribute":null,"Payload":{"QuestionText":"<span style=\"font-size:16px;\"><strong>Please read the following story carefully. You will be asked about it again at the end of the study.&nbsp;<\/strong><\/span>\n<div>&nbsp;<\/div>\n\n<div>\n<div>\n<p><span><span style=\"font-size: 15px; font-family: Arial; color: rgb(0, 0, 0); background-color: transparent; vertical-align: baseline; white-space: pre-wrap;\"><br><\/span><\/span><\/p><p><span id=\"docs-internal-guid-6369ed41-0562-c755-e72b-68c4fc4eb8f6\"><span style=\"font-size: 15px; font-family: Arial; color: rgb(0, 0, 0); background-color: transparent; vertical-align: baseline; white-space: pre-wrap;\">Jason recently moved to a new town, and while he knows his way around the town, he doesn\u2019t know where the hardware store is. He needs to find a hardware store because there\u2019s a leaking pipe in his house. When Jason asks his neighbor where he can find a hardware store, his neighbor tells him that there\u2019s one four miles northeast and on the left side of the street. But when Jason asks his coworker where he can find a hardware store, his coworker tells him that there\u2019s one six miles south and on the right side of the street. Jason knows that his neighbor and his co-worker have lived in the town for about the same amount of time.<\/span><\/span><\/p><\/div>\n<\/div>","DataExportTag":"1vign","QuestionType":"MC","Selector":"SAVR","SubSelector":"TX","Configuration":{"QuestionDescriptionOption":"UseText"},"QuestionDescription":"Please read the following\nstory carefully. You will be asked about it again at the end of the\nstu...","Choices":[],"Validation":{"Settings":{"ForceResponseType":"ON","Type":"None"}},"GradingData":[],"Language":[],"QuestionID":"QID3","ChoiceOrder":[],"QuestionJS":false}},{"SurveyID":"SV_6Y9GIVNo5irzOlL","Element":"SQ","PrimaryAttribute":"QID85","SecondaryAttribute":"Please read the following\nstory carefully. You will be asked about it again at the end of the\nstudy.","TertiaryAttribute":null,"Payload":{"QuestionText":"<span style=\"font-size:16px;\"><strong>Please read the following story carefully. You will be asked about it again at the end of the study.&nbsp;<\/strong><\/span>\n<div>&nbsp;<\/div>\n\n<div>\n<div>\n<p>&nbsp;<\/p>\n\n<p><span id=\"docs-internal-guid-6369ed41-057b-762c-08e7-5fc6ca368123\"><span style=\"font-size: 15px; font-family: Arial; color: rgb(0, 0, 0); background-color: transparent; vertical-align: baseline; white-space: pre-wrap;\">Jason recently moved to a new town, and while he knows his way around the town, he doesn&rsquo;t know where the hardware store is. He needs to find a hardware store because there&rsquo;s a leaking pipe in his house. When Jason asks his neighbor where he can find a hardware store, his neighbor tells him that there&rsquo;s one six miles south and on the right side of the street. But when Jason asks his coworker where he can find a hardware store, his coworker tells him that there&rsquo;s one four miles northeast and on the left side of the street. Jason knows that his neighbor and his co-worker have lived in the town for about the same amount of time.<\/span><\/span><\/p>\n<\/div>\n<\/div>","QuestionType":"MC","Selector":"SAVR","SubSelector":"TX","Configuration":{"QuestionDescriptionOption":"UseText"},"QuestionDescription":"Please read the following\nstory carefully. You will be asked about it again at the end of the\nstudy.\u00a0\n \u00a0\n\n \n \n \u00a0\n \n \n \n Jason recently moved to a new town, and while he knows his\n way around the to...","Choices":[],"Validation":{"Settings":{"ForceResponseType":"ON","Type":"None"}},"GradingData":[],"Language":[],"ChoiceOrder":[],"QuestionJS":false,"QuestionText_Unsafe":"<span style=\"font-size:16px;\"><strong>Please read the following story carefully. You will be asked about it again at the end of the study.&nbsp;<\/strong><\/span>\n<div>&nbsp;<\/div>\n\n<div>\n<div>\n<p><span><span style=\"font-size: 15px; font-family: Arial; color: rgb(0, 0, 0); background-color: transparent; vertical-align: baseline; white-space: pre-wrap;\"><br><\/span><\/span><\/p><p><span id=\"docs-internal-guid-6369ed41-0562-c755-e72b-68c4fc4eb8f6\"><span style=\"font-size: 15px; font-family: Arial; color: rgb(0, 0, 0); background-color: transparent; vertical-align: baseline; white-space: pre-wrap;\">Jason recently moved to a new town, and while he knows his way around the town, he doesn\u2019t know where the hardware store is. He needs to find a hardware store because there\u2019s a leaking pipe in his house. When Jason asks his neighbor where he can find a hardware store, his neighbor tells him that there\u2019s one four miles northeast and on the left side of the street. But when Jason asks his coworker where he can find a hardware store, his coworker tells him that there\u2019s one six miles south and on the right side of the street. Jason knows that his neighbor and his co-worker have lived in the town for about the same amount of time.<\/span><\/span><\/p><\/div>\n<\/div>","DataExportTag":"2vign","QuestionID":"QID85"}},{"SurveyID":"SV_6Y9GIVNo5irzOlL","Element":"SQ","PrimaryAttribute":"QID14","SecondaryAttribute":"Research Informed Consent \u00a0 Joshua Knobe \u00a0 Purpose: We are conducting a research study to examine.","TertiaryAttribute":null,"Payload":{"QuestionText":"<div style=\"font-family: Arial, Verdana, sans-serif; font-size: 12px; color: rgb(34, 34, 34); background-color: rgb(255, 255, 255); \">\n <p class=\"MsoTitle\">\n  Research Informed Consent<\/p>\n <p align=\"center\" class=\"MsoNormal\" style=\"text-align: center; \">\n  <o:p>&nbsp;<\/o:p><\/p>\n <p align=\"center\" class=\"MsoNormal\" style=\"text-align: center; \"><\/p>\n <p align=\"center\" class=\"MsoNormal\" style=\"text-align: center; \">\n  Joshua Knobe<\/p>\n <p class=\"MsoNormal\">\n  <o:p>&nbsp;<\/o:p><\/p>\n <p class=\"MsoNormal\">\n  <b>Purpose:<o:p><\/o:p><\/b><\/p>\n <p class=\"MsoNormal\">\n  We are conducting a research study to examine people\u2019s ordinary intuitions.<i><u><o:p><\/o:p><\/u><\/i><\/p>\n <p class=\"MsoNormal\">\n  <o:p>&nbsp;<\/o:p><\/p>\n <p class=\"MsoNormal\">\n  <b>Procedures:<o:p><\/o:p><\/b><\/p>\n <p class=\"MsoNormal\">\n  Participation in this study will involve filling out a brief questionnaire.<span>&nbsp;&nbsp;<\/span><em><strong>We anticipate that your involvement will require approximately five minutes.<\/strong><\/em><span>&nbsp;&nbsp;<\/span>You will be compensated financially for participating. Participants must be at least 18 years of age to participate.<i><u><o:p><\/o:p><\/u><\/i><\/p>\n <p class=\"MsoNormal\">\n  <o:p>&nbsp;<\/o:p><\/p>\n <p class=\"MsoNormal\">\n  <b>Risks and Benefits:<o:p><\/o:p><\/b><\/p>\n <p class=\"MsoNormal\">\n  You will be paid for participation through Amazon's Mechanical Turk. Further, we hope that our results will add to scientific knowledge about people\u2019s ordinary social intuitions.<i><u><o:p><\/o:p><\/u><\/i><\/p>\n <p class=\"MsoNormal\">\n  <o:p>&nbsp;<\/o:p><\/p>\n <p class=\"MsoNormal\">\n  <b>Confidentiality:<\/b><\/p>\n <p class=\"MsoNormal\">\n  All of your responses will be anonymous. Only the researchers involved in this study and those responsible for research oversight will have access to the information you provide.<span>&nbsp;<\/span><\/p>\n <p class=\"MsoNormal\">\n  <o:p>&nbsp;<\/o:p><\/p>\n <p class=\"MsoNormal\">\n  <b>Voluntary Participation:<\/b><\/p>\n <p class=\"MsoNormal\">\n  Participation in this study is completely voluntary.<span>&nbsp;&nbsp;<\/span>You are free to decline to participate, to end participation at any time for any reason, or to refuse to answer any individual question without penalty.<\/p>\n <p class=\"MsoNormal\">\n  <o:p>&nbsp;<\/o:p><\/p>\n <p class=\"MsoNormal\">\n  <b>Questions:<\/b><\/p>\n <p class=\"MsoNormal\">\n  If you have any questions about this study, you may contact the investigator, Joshua Knobe at joshua.knobe@yale.edu.<\/p>\n <p class=\"MsoNormal\">\n  If you would like to talk with someone other than the researchers to discuss problems or concerns, to discuss situations in the event that a member of the research team is not available, or to discuss your rights as a research participant, you may contact the Yale University Human Subjects Committee, Box 208252, New Haven, CT<span>&nbsp;&nbsp;<\/span>06520-8252, 203-436-3650,&nbsp;<a href=\"mailto:human.subjects@yale.edu\">human.subjects@yale.edu<\/a>. Additional information is available at<a href=\"http:\/\/www.yale.edu\/hsc\/Subject\/subjectsrights.htm\">http:\/\/www.yale.edu\/hsc\/Subject\/subjectsrights.htm<\/a><\/p>\n <p class=\"MsoNormal\">\n  &nbsp;<\/p>\n <p class=\"MsoNormal\">\n  &nbsp;<\/p>\n <p class=\"MsoNormal\">\n  &nbsp;<\/p>\n <p class=\"MsoNormal\">\n  <o:p><em><strong><span style=\"font-size: 16px; \">&nbsp;Do you voluntarily consent to participate in this study?<\/span><\/strong><\/em><\/o:p><\/p>\n<\/div>","DataExportTag":"Consent","QuestionType":"MC","Selector":"SAVR","SubSelector":"TX","Configuration":{"QuestionDescriptionOption":"UseText"},"QuestionDescription":"Research Informed Consent \u00a0 Joshua Knobe \u00a0 Purpose: We are conducting a research study to examine...","Choices":{"1":{"Display":"Yes"},"2":{"Display":"No"}},"Validation":{"Settings":{"ForceResponseType":"ON","Type":"None"}},"Language":[],"QuestionID":"QID14","ChoiceOrder":["1","2"]}},{"SurveyID":"SV_6Y9GIVNo5irzOlL","Element":"SQ","PrimaryAttribute":"QID81","SecondaryAttribute":"There is a hardware store four miles northeast and on the left\n side of the street. There is also...","TertiaryAttribute":null,"Payload":{"QuestionText":"<p dir=\"ltr\" style=\"line-height:1.15;margin-top:0pt;margin-bottom:0pt;\"><span id=\"docs-internal-guid-6369ed41-055f-9b49-e318-c9ce38d85f9b\"><span style=\"font-size: 15px; font-family: Arial; color: rgb(0, 0, 0); background-color: transparent; vertical-align: baseline; white-space: pre-wrap;\">There is a hardware store four miles northeast and on the left side of the street. There is also a hardware store six miles south and on the right side of the street.<\/span><\/span><\/p><p dir=\"ltr\" style=\"line-height:1.15;margin-top:0pt;margin-bottom:0pt;\"><span><span style=\"font-size: 15px; font-family: Arial; color: rgb(0, 0, 0); background-color: transparent; vertical-align: baseline; white-space: pre-wrap;\"><br><\/span><\/span><\/p>","DefaultChoices":false,"DataExportTag":"1allTrue","QuestionType":"DB","Selector":"TB","Configuration":{"QuestionDescriptionOption":"UseText"},"QuestionDescription":"There is a hardware store four miles northeast and on the left\n side of the street. There is also...","ChoiceOrder":[],"Validation":{"Settings":{"Type":"None"}},"GradingData":[],"Language":[],"QuestionID":"QID81"}},{"SurveyID":"SV_6Y9GIVNo5irzOlL","Element":"SQ","PrimaryAttribute":"QID83","SecondaryAttribute":"There is a hardware store four miles northeast and on the left\n side of the street. There is no h...","TertiaryAttribute":null,"Payload":{"QuestionText":"<p dir=\"ltr\" style=\"line-height:1.15;margin-top:0pt;margin-bottom:0pt;\"><span id=\"docs-internal-guid-6369ed41-0560-3bb3-7bfc-f9e88f2b79c1\"><span style=\"font-size: 15px; font-family: Arial; color: rgb(0, 0, 0); background-color: transparent; vertical-align: baseline; white-space: pre-wrap;\">There is a hardware store four miles northeast and on the left side of the street. There is no hardware store six miles south and on the right side of the street.<\/span><\/span><\/p><p dir=\"ltr\" style=\"line-height:1.15;margin-top:0pt;margin-bottom:0pt;\"><span><span style=\"font-size: 15px; font-family: Arial; color: rgb(0, 0, 0); background-color: transparent; vertical-align: baseline; white-space: pre-wrap;\"><br><\/span><\/span><\/p>","DefaultChoices":false,"DataExportTag":"1Mixed","QuestionType":"DB","Selector":"TB","Configuration":{"QuestionDescriptionOption":"UseText"},"QuestionDescription":"There is a hardware store four miles northeast and on the left\n side of the street. There is no h...","ChoiceOrder":[],"Validation":{"Settings":{"Type":"None"}},"GradingData":[],"Language":[],"QuestionID":"QID83"}},{"SurveyID":"SV_6Y9GIVNo5irzOlL","Element":"SQ","PrimaryAttribute":"QID86","SecondaryAttribute":"There is a hardware store six miles south and on the right side\n of the street. There is also a hard","TertiaryAttribute":null,"Payload":{"QuestionText":"<p dir=\"ltr\" style=\"line-height:1.15;margin-top:0pt;margin-bottom:0pt;\"><span id=\"docs-internal-guid-6369ed41-0579-47a0-80c4-e7e320f5e947\"><span style=\"font-size: 15px; font-family: Arial; color: rgb(0, 0, 0); background-color: transparent; vertical-align: baseline; white-space: pre-wrap;\">There is a hardware store six miles south and on the right side of the street. There is also a hardware store four miles northeast and on the left side of the street.<\/span><\/span><\/p>\n\n<div>&nbsp;<\/div>","DefaultChoices":false,"QuestionType":"DB","Selector":"TB","Configuration":{"QuestionDescriptionOption":"UseText"},"QuestionDescription":"There is a hardware store six miles south and on the right side\n of the street. There is also a hardware store four miles\n northeast and on the left side of the street.\n\n \u00a0","ChoiceOrder":[],"Validation":{"Settings":{"Type":"None"}},"GradingData":[],"Language":[],"QuestionText_Unsafe":"<p dir=\"ltr\" style=\"line-height:1.15;margin-top:0pt;margin-bottom:0pt;\"><span id=\"docs-internal-guid-6369ed41-055f-9b49-e318-c9ce38d85f9b\"><span style=\"font-size: 15px; font-family: Arial; color: rgb(0, 0, 0); background-color: transparent; vertical-align: baseline; white-space: pre-wrap;\">There is a hardware store four miles northeast and on the left side of the street. There is also a hardware store six miles south and on the right side of the street.<\/span><\/span><\/p><p dir=\"ltr\" style=\"line-height:1.15;margin-top:0pt;margin-bottom:0pt;\"><span><span style=\"font-size: 15px; font-family: Arial; color: rgb(0, 0, 0); background-color: transparent; vertical-align: baseline; white-space: pre-wrap;\"><br><\/span><\/span><\/p>","DataExportTag":"2allTrue","QuestionID":"QID86"}},{"SurveyID":"SV_6Y9GIVNo5irzOlL","Element":"SQ","PrimaryAttribute":"QID87","SecondaryAttribute":"There is a hardware store six miles south and on the right side\n of the street. There is no hardware","TertiaryAttribute":null,"Payload":{"QuestionText":"<p dir=\"ltr\" style=\"line-height:1.15;margin-top:0pt;margin-bottom:0pt;\"><span id=\"docs-internal-guid-6369ed41-0579-2289-72eb-e0a1fbe40bfd\"><span style=\"font-size: 15px; font-family: Arial; color: rgb(0, 0, 0); background-color: transparent; vertical-align: baseline; white-space: pre-wrap;\">There is a hardware store six miles south and on the right side of the street. There is no hardware store four miles northeast and on the left side of the street.<\/span><\/span><\/p>\n\n<div>&nbsp;<\/div>","DefaultChoices":false,"QuestionType":"DB","Selector":"TB","Configuration":{"QuestionDescriptionOption":"UseText"},"QuestionDescription":"There is a hardware store six miles south and on the right side\n of the street. There is no hardware store four miles northeast\n and on the left side of the street.\n\n \u00a0","ChoiceOrder":[],"Validation":{"Settings":{"Type":"None"}},"GradingData":[],"Language":[],"QuestionText_Unsafe":"<p dir=\"ltr\" style=\"line-height:1.15;margin-top:0pt;margin-bottom:0pt;\"><span id=\"docs-internal-guid-6369ed41-0560-3bb3-7bfc-f9e88f2b79c1\"><span style=\"font-size: 15px; font-family: Arial; color: rgb(0, 0, 0); background-color: transparent; vertical-align: baseline; white-space: pre-wrap;\">There is a hardware store four miles northeast and on the left side of the street. There is no hardware store six miles south and on the right side of the street.<\/span><\/span><\/p><p dir=\"ltr\" style=\"line-height:1.15;margin-top:0pt;margin-bottom:0pt;\"><span><span style=\"font-size: 15px; font-family: Arial; color: rgb(0, 0, 0); background-color: transparent; vertical-align: baseline; white-space: pre-wrap;\"><br><\/span><\/span><\/p>","DataExportTag":"2mixed","QuestionID":"QID87"}},{"SurveyID":"SV_6Y9GIVNo5irzOlL","Element":"SQ","PrimaryAttribute":"QID84","SecondaryAttribute":"There is no hardware store four miles northeast and on the left\n side of the street. There is als...","TertiaryAttribute":null,"Payload":{"QuestionText":"<p dir=\"ltr\" style=\"line-height:1.15;margin-top:0pt;margin-bottom:0pt;\"><span id=\"docs-internal-guid-6369ed41-0561-161c-2728-c6750db03f98\"><span style=\"font-size: 15px; font-family: Arial; color: rgb(0, 0, 0); background-color: transparent; vertical-align: baseline; white-space: pre-wrap;\">There is no hardware store four miles northeast and on the left side of the street. There is also no hardware store six miles south and on the right side of the street.<\/span><\/span><\/p><p dir=\"ltr\" style=\"line-height:1.15;margin-top:0pt;margin-bottom:0pt;\"><span><span style=\"font-size: 15px; font-family: Arial; color: rgb(0, 0, 0); background-color: transparent; vertical-align: baseline; white-space: pre-wrap;\"><br><\/span><\/span><\/p>","DefaultChoices":false,"DataExportTag":"1allFalse","QuestionType":"DB","Selector":"TB","Configuration":{"QuestionDescriptionOption":"UseText"},"QuestionDescription":"There is no hardware store four miles northeast and on the left\n side of the street. There is als...","ChoiceOrder":[],"Validation":{"Settings":{"Type":"None"}},"GradingData":[],"Language":[],"QuestionID":"QID84"}},{"SurveyID":"SV_6Y9GIVNo5irzOlL","Element":"SQ","PrimaryAttribute":"QID88","SecondaryAttribute":"There is no hardware store six miles south and on the right side\n of the street. There is also no ha","TertiaryAttribute":null,"Payload":{"QuestionText":"<p dir=\"ltr\" style=\"line-height:1.15;margin-top:0pt;margin-bottom:0pt;\"><span id=\"docs-internal-guid-6369ed41-0578-fa91-9e14-5ed6af7529bf\"><span style=\"font-size: 15px; font-family: Arial; color: rgb(0, 0, 0); background-color: transparent; vertical-align: baseline; white-space: pre-wrap;\">There is no hardware store six miles south and on the right side of the street. There is also no hardware store four miles northeast and on the left side of the street.<\/span><\/span><\/p>\n\n<div>&nbsp;<\/div>","DefaultChoices":false,"QuestionType":"DB","Selector":"TB","Configuration":{"QuestionDescriptionOption":"UseText"},"QuestionDescription":"There is no hardware store six miles south and on the right side\n of the street. There is also no hardware store four miles\n northeast and on the left side of the street.\n\n \u00a0","ChoiceOrder":[],"Validation":{"Settings":{"Type":"None"}},"GradingData":[],"Language":[],"QuestionText_Unsafe":"<p dir=\"ltr\" style=\"line-height:1.15;margin-top:0pt;margin-bottom:0pt;\"><span id=\"docs-internal-guid-6369ed41-0561-161c-2728-c6750db03f98\"><span style=\"font-size: 15px; font-family: Arial; color: rgb(0, 0, 0); background-color: transparent; vertical-align: baseline; white-space: pre-wrap;\">There is no hardware store four miles northeast and on the left side of the street. There is also no hardware store six miles south and on the right side of the street.<\/span><\/span><\/p><p dir=\"ltr\" style=\"line-height:1.15;margin-top:0pt;margin-bottom:0pt;\"><span><span style=\"font-size: 15px; font-family: Arial; color: rgb(0, 0, 0); background-color: transparent; vertical-align: baseline; white-space: pre-wrap;\"><br><\/span><\/span><\/p>","DataExportTag":"2allFalse","QuestionID":"QID88"}},{"SurveyID":"SV_6Y9GIVNo5irzOlL","Element":"SQ","PrimaryAttribute":"QID56","SecondaryAttribute":"Think of this ladder as representing where people stand in the United States. At the top of the ladd","TertiaryAttribute":null,"Payload":{"QuestionText":"Think of this ladder as representing where people stand in the United States. At the top of the ladder are the people who have the most money, most education, and most respected jobs. At the bottom are the people who have the least money, least education, and least respected jobs or no job. The higher up you are on this ladder, the closer you are to the people at the very top, and the lower you are, the closer you are to the people at the very bottom.<div><br>\n<img src=\"https:\/\/yale.qualtrics.com\/CP\/Graphic.php?IM=IM_0SONYA8Aes5ati4\"><br>\n<meta charset=\"utf-8\">\n<br>\n<strong><em>Where would you place yourself on this ladder? Please select the rung where you think you stand at this time in your life, relative to other people in the United States.<\/em><\/strong><\/div>","DataExportTag":"SES","QuestionType":"MC","Selector":"SAVR","SubSelector":"TX","Configuration":{"QuestionDescriptionOption":"UseText"},"QuestionDescription":"Think of this ladder as representing where people stand in the United States. At the top of the ladd...","Choices":{"1":{"Display":"Rung 10 (Top Rung)"},"2":{"Display":"Rung 9"},"3":{"Display":"Rung 8"},"4":{"Display":"Rung 7"},"5":{"Display":"Rung 6"},"6":{"Display":"Rung 5"},"7":{"Display":"Rung 4"},"8":{"Display":"Rung 3"},"9":{"Display":"Rung 2"},"10":{"Display":"Rung 1 (Bottom Rung)"}},"ChoiceOrder":[1,2,3,4,5,6,7,8,9,10],"Validation":{"Settings":{"ForceResponse":"OFF","ForceResponseType":"ON"}},"Language":[],"QuestionID":"QID56"}},{"SurveyID":"SV_6Y9GIVNo5irzOlL","Element":"SQ","PrimaryAttribute":"QID70","SecondaryAttribute":"Timing","TertiaryAttribute":null,"Payload":{"QuestionText":"Timing","DefaultChoices":false,"DataExportTag":"1time","QuestionType":"Timing","Selector":"PageTimer","Configuration":{"QuestionDescriptionOption":"UseText","MinSeconds":"0","MaxSeconds":"0"},"QuestionDescription":"Timing","Choices":{"1":{"Display":"First Click"},"2":{"Display":"Last Click"},"3":{"Display":"Page Submit"},"4":{"Display":"Click Count"}},"ChoiceOrder":["1","2","3"],"GradingData":[],"Language":[],"QuestionID":"QID70"}},{"SurveyID":"SV_6Y9GIVNo5irzOlL","Element":"SQ","PrimaryAttribute":"QID90","SecondaryAttribute":"Timing","TertiaryAttribute":null,"Payload":{"QuestionText":"Timing","DefaultChoices":false,"QuestionType":"Timing","Selector":"PageTimer","Configuration":{"QuestionDescriptionOption":"UseText","MinSeconds":"0","MaxSeconds":"0"},"QuestionDescription":"Timing","Choices":{"1":{"Display":"First Click"},"2":{"Display":"Last Click"},"3":{"Display":"Page Submit"},"4":{"Display":"Click Count"}},"ChoiceOrder":["1","2","3"],"GradingData":[],"Language":[],"QuestionText_Unsafe":"Timing","DataExportTag":"2time","QuestionID":"QID90"}},{"SurveyID":"SV_6Y9GIVNo5irzOlL","Element":"SQ","PrimaryAttribute":"QID52","SecondaryAttribute":"What is your age?\n\n\t ","TertiaryAttribute":null,"Payload":{"QuestionText":"<div>\n\tWhat is your age?<\/div>\n<div>\n\t&nbsp;<\/div>","DataExportTag":"Age","QuestionType":"TE","Selector":"SL","Configuration":{"QuestionDescriptionOption":"UseText"},"QuestionDescription":"What is your age?\n\n\t ","Choices":{"1":{"Display":"Click to write Choice 1"},"2":{"Display":"Click to write Choice 2"},"3":{"Display":"Click to write Choice 3"}},"ChoiceOrder":["1","2","3"],"Validation":{"Settings":{"ForceResponse":"OFF","ForceResponseType":"ON","Type":"None"}},"GradingData":[],"Language":[],"QuestionID":"QID52"}},{"SurveyID":"SV_6Y9GIVNo5irzOlL","Element":"SQ","PrimaryAttribute":"QID54","SecondaryAttribute":"What is your ethnicity?","TertiaryAttribute":null,"Payload":{"QuestionText":"<div>\n\tWhat is your ethnicity?<\/div>","DefaultChoices":false,"DataExportTag":"Ethnicity","QuestionType":"MC","Selector":"MACOL","SubSelector":"TX","Configuration":{"QuestionDescriptionOption":"UseText","NumColumns":2},"QuestionDescription":"What is your ethnicity?","Choices":{"1":{"Display":"Black \/ African American"},"2":{"Display":"Hispanic \/ Latino"},"3":{"Display":"Asian \/ Pacific Islander"},"4":{"Display":"Native American \/ American Indian"},"5":{"Display":"White \/ Caucasian"},"6":{"Display":"Other","TextEntry":"true"}},"ChoiceOrder":["1","2","3","4","5","6"],"Validation":{"Settings":{"ForceResponse":"OFF","ForceResponseType":"ON","Type":"None"}},"GradingData":[],"Language":[],"QuestionID":"QID54"}},{"SurveyID":"SV_6Y9GIVNo5irzOlL","Element":"SQ","PrimaryAttribute":"QID53","SecondaryAttribute":"What is your gender?\n\n\t\u00a0","TertiaryAttribute":null,"Payload":{"QuestionText":"<div>\n\tWhat is your gender?<\/div>\n<div>\n\t&nbsp;<\/div>","DataExportTag":"Gender","QuestionType":"MC","Selector":"SAVR","SubSelector":"TX","Configuration":{"QuestionDescriptionOption":"UseText"},"QuestionDescription":"What is your gender?\n\n\t\u00a0","Choices":{"1":{"Display":"Male"},"2":{"Display":"Female"},"3":{"Display":"Prefer not to answer \/ Other","TextEntry":"true"}},"ChoiceOrder":[1,2,3],"Validation":{"Settings":{"ForceResponse":"OFF","ForceResponseType":"ON"}},"Language":[],"QuestionID":"QID53"}}]}